// !$*UTF8*$!
{
	archiveVersion = 1;
	classes = {
	};
	objectVersion = 46;
	objects = {

/* Begin PBXBuildFile section */
		5A0EA3F319782F64007353EF /* Foundation.framework in Frameworks */ = {isa = PBXBuildFile; fileRef = 5A0EA3F219782F64007353EF /* Foundation.framework */; };
		5A0EA3F519782F64007353EF /* CoreGraphics.framework in Frameworks */ = {isa = PBXBuildFile; fileRef = 5A0EA3F419782F64007353EF /* CoreGraphics.framework */; };
		5A0EA3F719782F64007353EF /* UIKit.framework in Frameworks */ = {isa = PBXBuildFile; fileRef = 5A0EA3F619782F64007353EF /* UIKit.framework */; };
		5A0EA3FD19782F64007353EF /* InfoPlist.strings in Resources */ = {isa = PBXBuildFile; fileRef = 5A0EA3FB19782F64007353EF /* InfoPlist.strings */; };
		5A0EA3FF19782F64007353EF /* main.m in Sources */ = {isa = PBXBuildFile; fileRef = 5A0EA3FE19782F64007353EF /* main.m */; };
		5A0EA40319782F64007353EF /* xyzAppDelegate.m in Sources */ = {isa = PBXBuildFile; fileRef = 5A0EA40219782F64007353EF /* xyzAppDelegate.m */; };
		5A0EA40519782F64007353EF /* Images.xcassets in Resources */ = {isa = PBXBuildFile; fileRef = 5A0EA40419782F64007353EF /* Images.xcassets */; };
		5A0EA40C19782F64007353EF /* XCTest.framework in Frameworks */ = {isa = PBXBuildFile; fileRef = 5A0EA40B19782F64007353EF /* XCTest.framework */; };
		5A0EA40D19782F64007353EF /* Foundation.framework in Frameworks */ = {isa = PBXBuildFile; fileRef = 5A0EA3F219782F64007353EF /* Foundation.framework */; };
		5A0EA40E19782F64007353EF /* UIKit.framework in Frameworks */ = {isa = PBXBuildFile; fileRef = 5A0EA3F619782F64007353EF /* UIKit.framework */; };
		5A0EA41619782F64007353EF /* InfoPlist.strings in Resources */ = {isa = PBXBuildFile; fileRef = 5A0EA41419782F64007353EF /* InfoPlist.strings */; };
		5A0EA41819782F64007353EF /* aggregateTests.m in Sources */ = {isa = PBXBuildFile; fileRef = 5A0EA41719782F64007353EF /* aggregateTests.m */; };
		5A0EA422197840BE007353EF /* Main.storyboard in Resources */ = {isa = PBXBuildFile; fileRef = 5A0EA421197840BE007353EF /* Main.storyboard */; };
		5AD5235E197851E800DCA331 /* tops.jpg in Resources */ = {isa = PBXBuildFile; fileRef = 5AD5235D197851E800DCA331 /* tops.jpg */; };
		5AD52360197856B600DCA331 /* dresses.jpg in Resources */ = {isa = PBXBuildFile; fileRef = 5AD5235F197856B600DCA331 /* dresses.jpg */; };
		5AD5236219785E1000DCA331 /* skirts.jpg in Resources */ = {isa = PBXBuildFile; fileRef = 5AD5236119785E1000DCA331 /* skirts.jpg */; };
		5AD52364197964F700DCA331 /* pants.jpg in Resources */ = {isa = PBXBuildFile; fileRef = 5AD52363197964F700DCA331 /* pants.jpg */; };
		5AD5236619796B2700DCA331 /* settings.png in Resources */ = {isa = PBXBuildFile; fileRef = 5AD5236519796B2700DCA331 /* settings.png */; };
		5AD5236819796D2F00DCA331 /* hearts.png in Resources */ = {isa = PBXBuildFile; fileRef = 5AD5236719796D2F00DCA331 /* hearts.png */; };
		5AD5236E19797E6B00DCA331 /* viewall.png in Resources */ = {isa = PBXBuildFile; fileRef = 5AD5236D19797E6B00DCA331 /* viewall.png */; };
		5AD523701979840500DCA331 /* home.png in Resources */ = {isa = PBXBuildFile; fileRef = 5AD5236F1979840500DCA331 /* home.png */; };
/* End PBXBuildFile section */

/* Begin PBXContainerItemProxy section */
		5A0EA40F19782F64007353EF /* PBXContainerItemProxy */ = {
			isa = PBXContainerItemProxy;
			containerPortal = 5A0EA3E719782F64007353EF /* Project object */;
			proxyType = 1;
			remoteGlobalIDString = 5A0EA3EE19782F64007353EF;
			remoteInfo = aggregate;
		};
/* End PBXContainerItemProxy section */

/* Begin PBXFileReference section */
		5A0EA3EF19782F64007353EF /* aggregate.app */ = {isa = PBXFileReference; explicitFileType = wrapper.application; includeInIndex = 0; path = aggregate.app; sourceTree = BUILT_PRODUCTS_DIR; };
		5A0EA3F219782F64007353EF /* Foundation.framework */ = {isa = PBXFileReference; lastKnownFileType = wrapper.framework; name = Foundation.framework; path = System/Library/Frameworks/Foundation.framework; sourceTree = SDKROOT; };
		5A0EA3F419782F64007353EF /* CoreGraphics.framework */ = {isa = PBXFileReference; lastKnownFileType = wrapper.framework; name = CoreGraphics.framework; path = System/Library/Frameworks/CoreGraphics.framework; sourceTree = SDKROOT; };
		5A0EA3F619782F64007353EF /* UIKit.framework */ = {isa = PBXFileReference; lastKnownFileType = wrapper.framework; name = UIKit.framework; path = System/Library/Frameworks/UIKit.framework; sourceTree = SDKROOT; };
		5A0EA3FA19782F64007353EF /* aggregate-Info.plist */ = {isa = PBXFileReference; lastKnownFileType = text.plist.xml; path = "aggregate-Info.plist"; sourceTree = "<group>"; };
		5A0EA3FC19782F64007353EF /* en */ = {isa = PBXFileReference; lastKnownFileType = text.plist.strings; name = en; path = en.lproj/InfoPlist.strings; sourceTree = "<group>"; };
		5A0EA3FE19782F64007353EF /* main.m */ = {isa = PBXFileReference; lastKnownFileType = sourcecode.c.objc; path = main.m; sourceTree = "<group>"; };
		5A0EA40019782F64007353EF /* aggregate-Prefix.pch */ = {isa = PBXFileReference; lastKnownFileType = sourcecode.c.h; path = "aggregate-Prefix.pch"; sourceTree = "<group>"; };
		5A0EA40119782F64007353EF /* xyzAppDelegate.h */ = {isa = PBXFileReference; lastKnownFileType = sourcecode.c.h; path = xyzAppDelegate.h; sourceTree = "<group>"; };
		5A0EA40219782F64007353EF /* xyzAppDelegate.m */ = {isa = PBXFileReference; lastKnownFileType = sourcecode.c.objc; path = xyzAppDelegate.m; sourceTree = "<group>"; };
		5A0EA40419782F64007353EF /* Images.xcassets */ = {isa = PBXFileReference; lastKnownFileType = folder.assetcatalog; path = Images.xcassets; sourceTree = "<group>"; };
		5A0EA40A19782F64007353EF /* aggregateTests.xctest */ = {isa = PBXFileReference; explicitFileType = wrapper.cfbundle; includeInIndex = 0; path = aggregateTests.xctest; sourceTree = BUILT_PRODUCTS_DIR; };
		5A0EA40B19782F64007353EF /* XCTest.framework */ = {isa = PBXFileReference; lastKnownFileType = wrapper.framework; name = XCTest.framework; path = Library/Frameworks/XCTest.framework; sourceTree = DEVELOPER_DIR; };
		5A0EA41319782F64007353EF /* aggregateTests-Info.plist */ = {isa = PBXFileReference; lastKnownFileType = text.plist.xml; path = "aggregateTests-Info.plist"; sourceTree = "<group>"; };
		5A0EA41519782F64007353EF /* en */ = {isa = PBXFileReference; lastKnownFileType = text.plist.strings; name = en; path = en.lproj/InfoPlist.strings; sourceTree = "<group>"; };
		5A0EA41719782F64007353EF /* aggregateTests.m */ = {isa = PBXFileReference; lastKnownFileType = sourcecode.c.objc; path = aggregateTests.m; sourceTree = "<group>"; };
		5A0EA421197840BE007353EF /* Main.storyboard */ = {isa = PBXFileReference; fileEncoding = 4; lastKnownFileType = file.storyboard; path = Main.storyboard; sourceTree = "<group>"; };
		5AD5235D197851E800DCA331 /* tops.jpg */ = {isa = PBXFileReference; lastKnownFileType = image.jpeg; path = tops.jpg; sourceTree = SOURCE_ROOT; };
		5AD5235F197856B600DCA331 /* dresses.jpg */ = {isa = PBXFileReference; lastKnownFileType = image.jpeg; path = dresses.jpg; sourceTree = SOURCE_ROOT; };
		5AD5236119785E1000DCA331 /* skirts.jpg */ = {isa = PBXFileReference; lastKnownFileType = image.jpeg; path = skirts.jpg; sourceTree = SOURCE_ROOT; };
		5AD52363197964F700DCA331 /* pants.jpg */ = {isa = PBXFileReference; lastKnownFileType = image.jpeg; path = pants.jpg; sourceTree = SOURCE_ROOT; };
		5AD5236519796B2700DCA331 /* settings.png */ = {isa = PBXFileReference; lastKnownFileType = image.png; path = settings.png; sourceTree = SOURCE_ROOT; };
		5AD5236719796D2F00DCA331 /* hearts.png */ = {isa = PBXFileReference; lastKnownFileType = image.png; path = hearts.png; sourceTree = SOURCE_ROOT; };
		5AD5236D19797E6B00DCA331 /* viewall.png */ = {isa = PBXFileReference; lastKnownFileType = image.png; name = viewall.png; path = ../viewall.png; sourceTree = "<group>"; };
		5AD5236F1979840500DCA331 /* home.png */ = {isa = PBXFileReference; lastKnownFileType = image.png; path = home.png; sourceTree = SOURCE_ROOT; };
/* End PBXFileReference section */

/* Begin PBXFrameworksBuildPhase section */
		5A0EA3EC19782F64007353EF /* Frameworks */ = {
			isa = PBXFrameworksBuildPhase;
			buildActionMask = 2147483647;
			files = (
				5A0EA3F519782F64007353EF /* CoreGraphics.framework in Frameworks */,
				5A0EA3F719782F64007353EF /* UIKit.framework in Frameworks */,
				5A0EA3F319782F64007353EF /* Foundation.framework in Frameworks */,
			);
			runOnlyForDeploymentPostprocessing = 0;
		};
		5A0EA40719782F64007353EF /* Frameworks */ = {
			isa = PBXFrameworksBuildPhase;
			buildActionMask = 2147483647;
			files = (
				5A0EA40C19782F64007353EF /* XCTest.framework in Frameworks */,
				5A0EA40E19782F64007353EF /* UIKit.framework in Frameworks */,
				5A0EA40D19782F64007353EF /* Foundation.framework in Frameworks */,
			);
			runOnlyForDeploymentPostprocessing = 0;
		};
/* End PBXFrameworksBuildPhase section */

/* Begin PBXGroup section */
		5A0EA3E619782F64007353EF = {
			isa = PBXGroup;
			children = (
				5A0EA3F819782F64007353EF /* aggregate */,
				5A0EA41119782F64007353EF /* aggregateTests */,
				5A0EA3F119782F64007353EF /* Frameworks */,
				5A0EA3F019782F64007353EF /* Products */,
			);
			sourceTree = "<group>";
		};
		5A0EA3F019782F64007353EF /* Products */ = {
			isa = PBXGroup;
			children = (
				5A0EA3EF19782F64007353EF /* aggregate.app */,
				5A0EA40A19782F64007353EF /* aggregateTests.xctest */,
			);
			name = Products;
			sourceTree = "<group>";
		};
		5A0EA3F119782F64007353EF /* Frameworks */ = {
			isa = PBXGroup;
			children = (
				5A0EA3F219782F64007353EF /* Foundation.framework */,
				5A0EA3F419782F64007353EF /* CoreGraphics.framework */,
				5A0EA3F619782F64007353EF /* UIKit.framework */,
				5A0EA40B19782F64007353EF /* XCTest.framework */,
			);
			name = Frameworks;
			sourceTree = "<group>";
		};
		5A0EA3F819782F64007353EF /* aggregate */ = {
			isa = PBXGroup;
			children = (
				5A0EA40119782F64007353EF /* xyzAppDelegate.h */,
				5A0EA40219782F64007353EF /* xyzAppDelegate.m */,
				5A0EA421197840BE007353EF /* Main.storyboard */,
				5AD5236F1979840500DCA331 /* home.png */,
				5AD5236D19797E6B00DCA331 /* viewall.png */,
				5AD5236719796D2F00DCA331 /* hearts.png */,
				5AD5236519796B2700DCA331 /* settings.png */,
				5AD52363197964F700DCA331 /* pants.jpg */,
				5AD5236119785E1000DCA331 /* skirts.jpg */,
				5AD5235F197856B600DCA331 /* dresses.jpg */,
				5AD5235D197851E800DCA331 /* tops.jpg */,
				5A0EA40419782F64007353EF /* Images.xcassets */,
				5A0EA3F919782F64007353EF /* Supporting Files */,
			);
			path = aggregate;
			sourceTree = "<group>";
		};
		5A0EA3F919782F64007353EF /* Supporting Files */ = {
			isa = PBXGroup;
			children = (
				5A0EA3FA19782F64007353EF /* aggregate-Info.plist */,
				5A0EA3FB19782F64007353EF /* InfoPlist.strings */,
				5A0EA3FE19782F64007353EF /* main.m */,
				5A0EA40019782F64007353EF /* aggregate-Prefix.pch */,
			);
			name = "Supporting Files";
			sourceTree = "<group>";
		};
		5A0EA41119782F64007353EF /* aggregateTests */ = {
			isa = PBXGroup;
			children = (
				5A0EA41719782F64007353EF /* aggregateTests.m */,
				5A0EA41219782F64007353EF /* Supporting Files */,
			);
			path = aggregateTests;
			sourceTree = "<group>";
		};
		5A0EA41219782F64007353EF /* Supporting Files */ = {
			isa = PBXGroup;
			children = (
				5A0EA41319782F64007353EF /* aggregateTests-Info.plist */,
				5A0EA41419782F64007353EF /* InfoPlist.strings */,
			);
			name = "Supporting Files";
			sourceTree = "<group>";
		};
/* End PBXGroup section */

/* Begin PBXNativeTarget section */
		5A0EA3EE19782F64007353EF /* aggregate */ = {
			isa = PBXNativeTarget;
			buildConfigurationList = 5A0EA41B19782F64007353EF /* Build configuration list for PBXNativeTarget "aggregate" */;
			buildPhases = (
				5A0EA3EB19782F64007353EF /* Sources */,
				5A0EA3EC19782F64007353EF /* Frameworks */,
				5A0EA3ED19782F64007353EF /* Resources */,
			);
			buildRules = (
			);
			dependencies = (
			);
			name = aggregate;
			productName = aggregate;
			productReference = 5A0EA3EF19782F64007353EF /* aggregate.app */;
			productType = "com.apple.product-type.application";
		};
		5A0EA40919782F64007353EF /* aggregateTests */ = {
			isa = PBXNativeTarget;
			buildConfigurationList = 5A0EA41E19782F64007353EF /* Build configuration list for PBXNativeTarget "aggregateTests" */;
			buildPhases = (
				5A0EA40619782F64007353EF /* Sources */,
				5A0EA40719782F64007353EF /* Frameworks */,
				5A0EA40819782F64007353EF /* Resources */,
			);
			buildRules = (
			);
			dependencies = (
				5A0EA41019782F64007353EF /* PBXTargetDependency */,
			);
			name = aggregateTests;
			productName = aggregateTests;
			productReference = 5A0EA40A19782F64007353EF /* aggregateTests.xctest */;
			productType = "com.apple.product-type.bundle.unit-test";
		};
/* End PBXNativeTarget section */

/* Begin PBXProject section */
		5A0EA3E719782F64007353EF /* Project object */ = {
			isa = PBXProject;
			attributes = {
				CLASSPREFIX = xyz;
				LastUpgradeCheck = 0510;
				ORGANIZATIONNAME = Gilt;
				TargetAttributes = {
					5A0EA40919782F64007353EF = {
						TestTargetID = 5A0EA3EE19782F64007353EF;
					};
				};
			};
			buildConfigurationList = 5A0EA3EA19782F64007353EF /* Build configuration list for PBXProject "aggregate" */;
			compatibilityVersion = "Xcode 3.2";
			developmentRegion = English;
			hasScannedForEncodings = 0;
			knownRegions = (
				en,
			);
			mainGroup = 5A0EA3E619782F64007353EF;
			productRefGroup = 5A0EA3F019782F64007353EF /* Products */;
			projectDirPath = "";
			projectRoot = "";
			targets = (
				5A0EA3EE19782F64007353EF /* aggregate */,
				5A0EA40919782F64007353EF /* aggregateTests */,
			);
		};
/* End PBXProject section */

/* Begin PBXResourcesBuildPhase section */
		5A0EA3ED19782F64007353EF /* Resources */ = {
			isa = PBXResourcesBuildPhase;
			buildActionMask = 2147483647;
			files = (
				5AD5236619796B2700DCA331 /* settings.png in Resources */,
				5A0EA422197840BE007353EF /* Main.storyboard in Resources */,
				5AD523701979840500DCA331 /* home.png in Resources */,
				5AD5235E197851E800DCA331 /* tops.jpg in Resources */,
				5A0EA3FD19782F64007353EF /* InfoPlist.strings in Resources */,
				5AD5236219785E1000DCA331 /* skirts.jpg in Resources */,
				5AD52364197964F700DCA331 /* pants.jpg in Resources */,
				5AD5236E19797E6B00DCA331 /* viewall.png in Resources */,
				5AD52360197856B600DCA331 /* dresses.jpg in Resources */,
				5A0EA40519782F64007353EF /* Images.xcassets in Resources */,
				5AD5236819796D2F00DCA331 /* hearts.png in Resources */,
			);
			runOnlyForDeploymentPostprocessing = 0;
		};
		5A0EA40819782F64007353EF /* Resources */ = {
			isa = PBXResourcesBuildPhase;
			buildActionMask = 2147483647;
			files = (
				5A0EA41619782F64007353EF /* InfoPlist.strings in Resources */,
			);
			runOnlyForDeploymentPostprocessing = 0;
		};
/* End PBXResourcesBuildPhase section */

/* Begin PBXSourcesBuildPhase section */
		5A0EA3EB19782F64007353EF /* Sources */ = {
			isa = PBXSourcesBuildPhase;
			buildActionMask = 2147483647;
			files = (
				5A0EA40319782F64007353EF /* xyzAppDelegate.m in Sources */,
				5A0EA3FF19782F64007353EF /* main.m in Sources */,
			);
			runOnlyForDeploymentPostprocessing = 0;
		};
		5A0EA40619782F64007353EF /* Sources */ = {
			isa = PBXSourcesBuildPhase;
			buildActionMask = 2147483647;
			files = (
				5A0EA41819782F64007353EF /* aggregateTests.m in Sources */,
			);
			runOnlyForDeploymentPostprocessing = 0;
		};
/* End PBXSourcesBuildPhase section */

/* Begin PBXTargetDependency section */
		5A0EA41019782F64007353EF /* PBXTargetDependency */ = {
			isa = PBXTargetDependency;
			target = 5A0EA3EE19782F64007353EF /* aggregate */;
			targetProxy = 5A0EA40F19782F64007353EF /* PBXContainerItemProxy */;
		};
/* End PBXTargetDependency section */

/* Begin PBXVariantGroup section */
		5A0EA3FB19782F64007353EF /* InfoPlist.strings */ = {
			isa = PBXVariantGroup;
			children = (
				5A0EA3FC19782F64007353EF /* en */,
			);
			name = InfoPlist.strings;
			sourceTree = "<group>";
		};
		5A0EA41419782F64007353EF /* InfoPlist.strings */ = {
			isa = PBXVariantGroup;
			children = (
				5A0EA41519782F64007353EF /* en */,
			);
			name = InfoPlist.strings;
			sourceTree = "<group>";
		};
/* End PBXVariantGroup section */

/* Begin XCBuildConfiguration section */
		5A0EA41919782F64007353EF /* Debug */ = {
			isa = XCBuildConfiguration;
			buildSettings = {
				ALWAYS_SEARCH_USER_PATHS = NO;
				CLANG_CXX_LANGUAGE_STANDARD = "gnu++0x";
				CLANG_CXX_LIBRARY = "libc++";
				CLANG_ENABLE_MODULES = YES;
				CLANG_ENABLE_OBJC_ARC = YES;
				CLANG_WARN_BOOL_CONVERSION = YES;
				CLANG_WARN_CONSTANT_CONVERSION = YES;
				CLANG_WARN_DIRECT_OBJC_ISA_USAGE = YES_ERROR;
				CLANG_WARN_EMPTY_BODY = YES;
				CLANG_WARN_ENUM_CONVERSION = YES;
				CLANG_WARN_INT_CONVERSION = YES;
				CLANG_WARN_OBJC_ROOT_CLASS = YES_ERROR;
				CLANG_WARN__DUPLICATE_METHOD_MATCH = YES;
				"CODE_SIGN_IDENTITY[sdk=iphoneos*]" = "iPhone Developer";
				COPY_PHASE_STRIP = NO;
				GCC_C_LANGUAGE_STANDARD = gnu99;
				GCC_DYNAMIC_NO_PIC = NO;
				GCC_OPTIMIZATION_LEVEL = 0;
				GCC_PREPROCESSOR_DEFINITIONS = (
					"DEBUG=1",
					"$(inherited)",
				);
				GCC_SYMBOLS_PRIVATE_EXTERN = NO;
				GCC_WARN_64_TO_32_BIT_CONVERSION = YES;
				GCC_WARN_ABOUT_RETURN_TYPE = YES_ERROR;
				GCC_WARN_UNDECLARED_SELECTOR = YES;
				GCC_WARN_UNINITIALIZED_AUTOS = YES_AGGRESSIVE;
				GCC_WARN_UNUSED_FUNCTION = YES;
				GCC_WARN_UNUSED_VARIABLE = YES;
				IPHONEOS_DEPLOYMENT_TARGET = 7.1;
				ONLY_ACTIVE_ARCH = YES;
				SDKROOT = iphoneos;
			};
			name = Debug;
		};
		5A0EA41A19782F64007353EF /* Release */ = {
			isa = XCBuildConfiguration;
			buildSettings = {
				ALWAYS_SEARCH_USER_PATHS = NO;
				CLANG_CXX_LANGUAGE_STANDARD = "gnu++0x";
				CLANG_CXX_LIBRARY = "libc++";
				CLANG_ENABLE_MODULES = YES;
				CLANG_ENABLE_OBJC_ARC = YES;
				CLANG_WARN_BOOL_CONVERSION = YES;
				CLANG_WARN_CONSTANT_CONVERSION = YES;
				CLANG_WARN_DIRECT_OBJC_ISA_USAGE = YES_ERROR;
				CLANG_WARN_EMPTY_BODY = YES;
				CLANG_WARN_ENUM_CONVERSION = YES;
				CLANG_WARN_INT_CONVERSION = YES;
				CLANG_WARN_OBJC_ROOT_CLASS = YES_ERROR;
				CLANG_WARN__DUPLICATE_METHOD_MATCH = YES;
				"CODE_SIGN_IDENTITY[sdk=iphoneos*]" = "iPhone Developer";
				COPY_PHASE_STRIP = YES;
				ENABLE_NS_ASSERTIONS = NO;
				GCC_C_LANGUAGE_STANDARD = gnu99;
				GCC_WARN_64_TO_32_BIT_CONVERSION = YES;
				GCC_WARN_ABOUT_RETURN_TYPE = YES_ERROR;
				GCC_WARN_UNDECLARED_SELECTOR = YES;
				GCC_WARN_UNINITIALIZED_AUTOS = YES_AGGRESSIVE;
				GCC_WARN_UNUSED_FUNCTION = YES;
				GCC_WARN_UNUSED_VARIABLE = YES;
				IPHONEOS_DEPLOYMENT_TARGET = 7.1;
				SDKROOT = iphoneos;
				VALIDATE_PRODUCT = YES;
			};
			name = Release;
		};
		5A0EA41C19782F64007353EF /* Debug */ = {
			isa = XCBuildConfiguration;
			buildSettings = {
				ASSETCATALOG_COMPILER_APPICON_NAME = AppIcon;
				ASSETCATALOG_COMPILER_LAUNCHIMAGE_NAME = LaunchImage;
				GCC_PRECOMPILE_PREFIX_HEADER = YES;
				GCC_PREFIX_HEADER = "aggregate/aggregate-Prefix.pch";
				INFOPLIST_FILE = "aggregate/aggregate-Info.plist";
				PRODUCT_NAME = "$(TARGET_NAME)";
				WRAPPER_EXTENSION = app;
			};
			name = Debug;
		};
		5A0EA41D19782F64007353EF /* Release */ = {
			isa = XCBuildConfiguration;
			buildSettings = {
				ASSETCATALOG_COMPILER_APPICON_NAME = AppIcon;
				ASSETCATALOG_COMPILER_LAUNCHIMAGE_NAME = LaunchImage;
				GCC_PRECOMPILE_PREFIX_HEADER = YES;
				GCC_PREFIX_HEADER = "aggregate/aggregate-Prefix.pch";
				INFOPLIST_FILE = "aggregate/aggregate-Info.plist";
				PRODUCT_NAME = "$(TARGET_NAME)";
				WRAPPER_EXTENSION = app;
			};
			name = Release;
		};
		5A0EA41F19782F64007353EF /* Debug */ = {
			isa = XCBuildConfiguration;
			buildSettings = {
				BUNDLE_LOADER = "$(BUILT_PRODUCTS_DIR)/aggregate.app/aggregate";
				FRAMEWORK_SEARCH_PATHS = (
					"$(SDKROOT)/Developer/Library/Frameworks",
					"$(inherited)",
					"$(DEVELOPER_FRAMEWORKS_DIR)",
				);
				GCC_PRECOMPILE_PREFIX_HEADER = YES;
				GCC_PREFIX_HEADER = "aggregate/aggregate-Prefix.pch";
				GCC_PREPROCESSOR_DEFINITIONS = (
					"DEBUG=1",
					"$(inherited)",
				);
				INFOPLIST_FILE = "aggregateTests/aggregateTests-Info.plist";
				PRODUCT_NAME = "$(TARGET_NAME)";
				TEST_HOST = "$(BUNDLE_LOADER)";
				WRAPPER_EXTENSION = xctest;
			};
			name = Debug;
		};
		5A0EA42019782F64007353EF /* Release */ = {
			isa = XCBuildConfiguration;
			buildSettings = {
				BUNDLE_LOADER = "$(BUILT_PRODUCTS_DIR)/aggregate.app/aggregate";
				FRAMEWORK_SEARCH_PATHS = (
					"$(SDKROOT)/Developer/Library/Frameworks",
					"$(inherited)",
					"$(DEVELOPER_FRAMEWORKS_DIR)",
				);
				GCC_PRECOMPILE_PREFIX_HEADER = YES;
				GCC_PREFIX_HEADER = "aggregate/aggregate-Prefix.pch";
				INFOPLIST_FILE = "aggregateTests/aggregateTests-Info.plist";
				PRODUCT_NAME = "$(TARGET_NAME)";
				TEST_HOST = "$(BUNDLE_LOADER)";
				WRAPPER_EXTENSION = xctest;
			};
			name = Release;
		};
/* End XCBuildConfiguration section */

/* Begin XCConfigurationList section */
		5A0EA3EA19782F64007353EF /* Build configuration list for PBXProject "aggregate" */ = {
			isa = XCConfigurationList;
			buildConfigurations = (
				5A0EA41919782F64007353EF /* Debug */,
				5A0EA41A19782F64007353EF /* Release */,
			);
			defaultConfigurationIsVisible = 0;
			defaultConfigurationName = Release;
		};
		5A0EA41B19782F64007353EF /* Build configuration list for PBXNativeTarget "aggregate" */ = {
			isa = XCConfigurationList;
			buildConfigurations = (
				5A0EA41C19782F64007353EF /* Debug */,
				5A0EA41D19782F64007353EF /* Release */,
			);
			defaultConfigurationIsVisible = 0;
			defaultConfigurationName = Release;
		};
		5A0EA41E19782F64007353EF /* Build configuration list for PBXNativeTarget "aggregateTests" */ = {
			isa = XCConfigurationList;
			buildConfigurations = (
				5A0EA41F19782F64007353EF /* Debug */,
				5A0EA42019782F64007353EF /* Release */,
			);
			defaultConfigurationIsVisible = 0;
			defaultConfigurationName = Release;
		};
/* End XCConfigurationList section */
	};
	rootObject = 5A0EA3E719782F64007353EF /* Project object */;
}
