// !$*UTF8*$!
{
	archiveVersion = 1;
	classes = {
	};
	objectVersion = 46;
	objects = {

/* Begin PBXBuildFile section */
		006D37FDD588483E9FAC9FBF /* libPods-aggregate.a in Frameworks */ = {isa = PBXBuildFile; fileRef = B535C150330D42858CE0ADA9 /* libPods-aggregate.a */; };
		309EB6FD1981804F00A6E534 /* MyCollectionViewCell.h in Sources */ = {isa = PBXBuildFile; fileRef = 5AD525DB197ED48A00DCA331 /* MyCollectionViewCell.h */; };
		5A0EA3F319782F64007353EF /* Foundation.framework in Frameworks */ = {isa = PBXBuildFile; fileRef = 5A0EA3F219782F64007353EF /* Foundation.framework */; };
		5A0EA3F519782F64007353EF /* CoreGraphics.framework in Frameworks */ = {isa = PBXBuildFile; fileRef = 5A0EA3F419782F64007353EF /* CoreGraphics.framework */; };
		5A0EA3F719782F64007353EF /* UIKit.framework in Frameworks */ = {isa = PBXBuildFile; fileRef = 5A0EA3F619782F64007353EF /* UIKit.framework */; };
		5A0EA40C19782F64007353EF /* XCTest.framework in Frameworks */ = {isa = PBXBuildFile; fileRef = 5A0EA40B19782F64007353EF /* XCTest.framework */; };
		5A0EA40D19782F64007353EF /* Foundation.framework in Frameworks */ = {isa = PBXBuildFile; fileRef = 5A0EA3F219782F64007353EF /* Foundation.framework */; };
		5A0EA40E19782F64007353EF /* UIKit.framework in Frameworks */ = {isa = PBXBuildFile; fileRef = 5A0EA3F619782F64007353EF /* UIKit.framework */; };
		5A0EA41619782F64007353EF /* InfoPlist.strings in Resources */ = {isa = PBXBuildFile; fileRef = 5A0EA41419782F64007353EF /* InfoPlist.strings */; };
		5A0EA41819782F64007353EF /* aggregateTests.m in Sources */ = {isa = PBXBuildFile; fileRef = 5A0EA41719782F64007353EF /* aggregateTests.m */; };
		5AD5235E197851E800DCA331 /* tops.jpg in Resources */ = {isa = PBXBuildFile; fileRef = 5AD5235D197851E800DCA331 /* tops.jpg */; };
		5AD52360197856B600DCA331 /* dresses.jpg in Resources */ = {isa = PBXBuildFile; fileRef = 5AD5235F197856B600DCA331 /* dresses.jpg */; };
		5AD5236219785E1000DCA331 /* skirts.jpg in Resources */ = {isa = PBXBuildFile; fileRef = 5AD5236119785E1000DCA331 /* skirts.jpg */; };
		5AD52364197964F700DCA331 /* pants.jpg in Resources */ = {isa = PBXBuildFile; fileRef = 5AD52363197964F700DCA331 /* pants.jpg */; };
		5AD5236619796B2700DCA331 /* settings.png in Resources */ = {isa = PBXBuildFile; fileRef = 5AD5236519796B2700DCA331 /* settings.png */; };
		5AD5236819796D2F00DCA331 /* hearts.png in Resources */ = {isa = PBXBuildFile; fileRef = 5AD5236719796D2F00DCA331 /* hearts.png */; };
		5AD5236E19797E6B00DCA331 /* viewall.png in Resources */ = {isa = PBXBuildFile; fileRef = 5AD5236D19797E6B00DCA331 /* viewall.png */; };
		5AD523701979840500DCA331 /* home.png in Resources */ = {isa = PBXBuildFile; fileRef = 5AD5236F1979840500DCA331 /* home.png */; };
		5AD525D7197EC9BE00DCA331 /* tops1.jpg in Resources */ = {isa = PBXBuildFile; fileRef = 5AD525D3197EC9BE00DCA331 /* tops1.jpg */; };
		5AD525D8197EC9BE00DCA331 /* tops2.jpg in Resources */ = {isa = PBXBuildFile; fileRef = 5AD525D4197EC9BE00DCA331 /* tops2.jpg */; };
		5AD525D9197EC9BE00DCA331 /* tops3.jpg in Resources */ = {isa = PBXBuildFile; fileRef = 5AD525D5197EC9BE00DCA331 /* tops3.jpg */; };
		5AD525DA197EC9BE00DCA331 /* tops4.jpg in Resources */ = {isa = PBXBuildFile; fileRef = 5AD525D6197EC9BE00DCA331 /* tops4.jpg */; };
		5AD525DD197ED48A00DCA331 /* MyCollectionViewCell.m in Sources */ = {isa = PBXBuildFile; fileRef = 5AD525DC197ED48A00DCA331 /* MyCollectionViewCell.m */; };
		5AD534181989619C00DCA331 /* CategoryCell.m in Sources */ = {isa = PBXBuildFile; fileRef = 5AD534171989619C00DCA331 /* CategoryCell.m */; };
		5AD5341B198961B800DCA331 /* xyzAppDelegate.m in Sources */ = {isa = PBXBuildFile; fileRef = 5AD5341A198961B800DCA331 /* xyzAppDelegate.m */; };
		5AD5341D198961DE00DCA331 /* Main.storyboard in Resources */ = {isa = PBXBuildFile; fileRef = 5AD5341C198961DE00DCA331 /* Main.storyboard */; };
		5AD53422198961EF00DCA331 /* MyCollectionView.m in Sources */ = {isa = PBXBuildFile; fileRef = 5AD5341F198961EF00DCA331 /* MyCollectionView.m */; };
		5AD53423198961EF00DCA331 /* MyCollectionViewController.m in Sources */ = {isa = PBXBuildFile; fileRef = 5AD53421198961EF00DCA331 /* MyCollectionViewController.m */; };
		5AD534261989621100DCA331 /* HomeViewController.m in Sources */ = {isa = PBXBuildFile; fileRef = 5AD534251989621100DCA331 /* HomeViewController.m */; };
		5AD534281989625300DCA331 /* Images.xcassets in Resources */ = {isa = PBXBuildFile; fileRef = 5AD534271989625300DCA331 /* Images.xcassets */; };
		5AD53BAE1989628800DCA331 /* aggregate-Info.plist in Resources */ = {isa = PBXBuildFile; fileRef = 5AD534291989627B00DCA331 /* aggregate-Info.plist */; };
		5AD53BAF1989628800DCA331 /* InfoPlist.strings in Resources */ = {isa = PBXBuildFile; fileRef = 5AD5342C1989627B00DCA331 /* InfoPlist.strings */; };
		5AD53BB01989628800DCA331 /* jcrew.m in Sources */ = {isa = PBXBuildFile; fileRef = 5AD5342F1989627B00DCA331 /* jcrew.m */; };
		5AD53BB11989628800DCA331 /* main.m in Sources */ = {isa = PBXBuildFile; fileRef = 5AD534301989627B00DCA331 /* main.m */; };
		5AD541F11989628900DCA331 /* podfile in Resources */ = {isa = PBXBuildFile; fileRef = 5AD53AF41989628700DCA331 /* podfile */; };
		5AD541F21989628900DCA331 /* Podfile.lock in Resources */ = {isa = PBXBuildFile; fileRef = 5AD53AF51989628700DCA331 /* Podfile.lock */; };
		5AD541F31989628900DCA331 /* Manifest.lock in Resources */ = {isa = PBXBuildFile; fileRef = 5AD53B3F1989628700DCA331 /* Manifest.lock */; };
		5AD541F41989628900DCA331 /* LICENSE in Resources */ = {isa = PBXBuildFile; fileRef = 5AD53B411989628700DCA331 /* LICENSE */; };
		5AD541F51989628900DCA331 /* README.md in Resources */ = {isa = PBXBuildFile; fileRef = 5AD53B421989628700DCA331 /* README.md */; };
		5AD541F61989628900DCA331 /* bcon.c in Sources */ = {isa = PBXBuildFile; fileRef = 5AD53B441989628700DCA331 /* bcon.c */; };
		5AD541F71989628900DCA331 /* bson.c in Sources */ = {isa = PBXBuildFile; fileRef = 5AD53B461989628700DCA331 /* bson.c */; };
		5AD541F81989628900DCA331 /* encoding.c in Sources */ = {isa = PBXBuildFile; fileRef = 5AD53B481989628700DCA331 /* encoding.c */; };
		5AD541F91989628900DCA331 /* env.c in Sources */ = {isa = PBXBuildFile; fileRef = 5AD53B4A1989628700DCA331 /* env.c */; };
		5AD541FA1989628900DCA331 /* gridfs.c in Sources */ = {isa = PBXBuildFile; fileRef = 5AD53B4C1989628700DCA331 /* gridfs.c */; };
		5AD541FB1989628900DCA331 /* md5.c in Sources */ = {isa = PBXBuildFile; fileRef = 5AD53B4E1989628700DCA331 /* md5.c */; };
		5AD541FC1989628900DCA331 /* mongo.c in Sources */ = {isa = PBXBuildFile; fileRef = 5AD53B501989628700DCA331 /* mongo.c */; };
		5AD541FD1989628900DCA331 /* numbers.c in Sources */ = {isa = PBXBuildFile; fileRef = 5AD53B521989628700DCA331 /* numbers.c */; };
		5AD541FE1989628900DCA331 /* BSON_Helper.m in Sources */ = {isa = PBXBuildFile; fileRef = 5AD53B561989628700DCA331 /* BSON_Helper.m */; };
		5AD541FF1989628900DCA331 /* BSONDecoder.m in Sources */ = {isa = PBXBuildFile; fileRef = 5AD53B5A1989628700DCA331 /* BSONDecoder.m */; };
		5AD542001989628900DCA331 /* BSONDocument.m in Sources */ = {isa = PBXBuildFile; fileRef = 5AD53B5C1989628700DCA331 /* BSONDocument.m */; };
		5AD542011989628900DCA331 /* BSONEncoder.m in Sources */ = {isa = PBXBuildFile; fileRef = 5AD53B5E1989628700DCA331 /* BSONEncoder.m */; };
		5AD542021989628900DCA331 /* BSONIterator.m in Sources */ = {isa = PBXBuildFile; fileRef = 5AD53B601989628700DCA331 /* BSONIterator.m */; };
		5AD542031989628900DCA331 /* BSONTypes.m in Sources */ = {isa = PBXBuildFile; fileRef = 5AD53B621989628700DCA331 /* BSONTypes.m */; };
		5AD542041989628900DCA331 /* NSData+BSONAdditions.m in Sources */ = {isa = PBXBuildFile; fileRef = 5AD53B641989628700DCA331 /* NSData+BSONAdditions.m */; };
		5AD542051989628900DCA331 /* NSDictionary+BSONAdditions.m in Sources */ = {isa = PBXBuildFile; fileRef = 5AD53B661989628700DCA331 /* NSDictionary+BSONAdditions.m */; };
		5AD542061989628900DCA331 /* NSManagedObject+BSONCoding.m in Sources */ = {isa = PBXBuildFile; fileRef = 5AD53B681989628700DCA331 /* NSManagedObject+BSONCoding.m */; };
		5AD542071989628900DCA331 /* NSString+BSONAdditions.m in Sources */ = {isa = PBXBuildFile; fileRef = 5AD53B6A1989628700DCA331 /* NSString+BSONAdditions.m */; };
		5AD542081989628900DCA331 /* ObjCBSON.m in Sources */ = {isa = PBXBuildFile; fileRef = 5AD53B6C1989628700DCA331 /* ObjCBSON.m */; };
		5AD542091989628900DCA331 /* LICENSE in Resources */ = {isa = PBXBuildFile; fileRef = 5AD53B6D1989628700DCA331 /* LICENSE */; };
		5AD5420A1989628900DCA331 /* Mongo_Helper.m in Sources */ = {isa = PBXBuildFile; fileRef = 5AD53B701989628700DCA331 /* Mongo_Helper.m */; };
		5AD5420B1989628900DCA331 /* MongoConnection+Diagnostics.m in Sources */ = {isa = PBXBuildFile; fileRef = 5AD53B731989628700DCA331 /* MongoConnection+Diagnostics.m */; };
		5AD5420C1989628900DCA331 /* MongoConnection.m in Sources */ = {isa = PBXBuildFile; fileRef = 5AD53B751989628700DCA331 /* MongoConnection.m */; };
		5AD5420D1989628900DCA331 /* MongoCursor.m in Sources */ = {isa = PBXBuildFile; fileRef = 5AD53B771989628700DCA331 /* MongoCursor.m */; };
		5AD5420E1989628900DCA331 /* MongoDBCollection.m in Sources */ = {isa = PBXBuildFile; fileRef = 5AD53B791989628700DCA331 /* MongoDBCollection.m */; };
		5AD5420F1989628900DCA331 /* MongoFindRequest.m in Sources */ = {isa = PBXBuildFile; fileRef = 5AD53B7B1989628700DCA331 /* MongoFindRequest.m */; };
		5AD542101989628900DCA331 /* MongoKeyedPredicate.m in Sources */ = {isa = PBXBuildFile; fileRef = 5AD53B7D1989628700DCA331 /* MongoKeyedPredicate.m */; };
		5AD542111989628900DCA331 /* MongoPredicate.m in Sources */ = {isa = PBXBuildFile; fileRef = 5AD53B7F1989628700DCA331 /* MongoPredicate.m */; };
		5AD542121989628900DCA331 /* MongoTypes.m in Sources */ = {isa = PBXBuildFile; fileRef = 5AD53B811989628700DCA331 /* MongoTypes.m */; };
		5AD542131989628900DCA331 /* MongoUpdateRequest.m in Sources */ = {isa = PBXBuildFile; fileRef = 5AD53B831989628700DCA331 /* MongoUpdateRequest.m */; };
		5AD542141989628900DCA331 /* MongoWriteConcern.m in Sources */ = {isa = PBXBuildFile; fileRef = 5AD53B851989628700DCA331 /* MongoWriteConcern.m */; };
		5AD542151989628900DCA331 /* NSArray+MongoAdditions.m in Sources */ = {isa = PBXBuildFile; fileRef = 5AD53B871989628700DCA331 /* NSArray+MongoAdditions.m */; };
		5AD542161989628900DCA331 /* OrderedDictionary.m in Sources */ = {isa = PBXBuildFile; fileRef = 5AD53B8B1989628700DCA331 /* OrderedDictionary.m */; };
		5AD542171989628900DCA331 /* README.md in Resources */ = {isa = PBXBuildFile; fileRef = 5AD53B8C1989628700DCA331 /* README.md */; };
		5AD542181989628900DCA331 /* Pods-acknowledgements.markdown in Resources */ = {isa = PBXBuildFile; fileRef = 5AD53B8D1989628700DCA331 /* Pods-acknowledgements.markdown */; };
		5AD542191989628900DCA331 /* Pods-acknowledgements.plist in Resources */ = {isa = PBXBuildFile; fileRef = 5AD53B8E1989628700DCA331 /* Pods-acknowledgements.plist */; };
		5AD5421A1989628900DCA331 /* Pods-aggregate-acknowledgements.markdown in Resources */ = {isa = PBXBuildFile; fileRef = 5AD53B8F1989628700DCA331 /* Pods-aggregate-acknowledgements.markdown */; };
		5AD5421B1989628900DCA331 /* Pods-aggregate-acknowledgements.plist in Resources */ = {isa = PBXBuildFile; fileRef = 5AD53B901989628700DCA331 /* Pods-aggregate-acknowledgements.plist */; };
		5AD5421C1989628900DCA331 /* Pods-aggregate-dummy.m in Sources */ = {isa = PBXBuildFile; fileRef = 5AD53B911989628700DCA331 /* Pods-aggregate-dummy.m */; };
		5AD5421D1989628900DCA331 /* Pods-aggregate-mongo-c-driver-dummy.m in Sources */ = {isa = PBXBuildFile; fileRef = 5AD53B931989628700DCA331 /* Pods-aggregate-mongo-c-driver-dummy.m */; };
		5AD5421E1989628900DCA331 /* Pods-aggregate-mongo-c-driver-Private.xcconfig in Resources */ = {isa = PBXBuildFile; fileRef = 5AD53B951989628700DCA331 /* Pods-aggregate-mongo-c-driver-Private.xcconfig */; };
		5AD5421F1989628900DCA331 /* Pods-aggregate-mongo-c-driver.xcconfig in Resources */ = {isa = PBXBuildFile; fileRef = 5AD53B961989628700DCA331 /* Pods-aggregate-mongo-c-driver.xcconfig */; };
		5AD542201989628900DCA331 /* Pods-aggregate-ObjCMongoDB-dummy.m in Sources */ = {isa = PBXBuildFile; fileRef = 5AD53B971989628700DCA331 /* Pods-aggregate-ObjCMongoDB-dummy.m */; };
		5AD542211989628900DCA331 /* Pods-aggregate-ObjCMongoDB-Private.xcconfig in Resources */ = {isa = PBXBuildFile; fileRef = 5AD53B991989628700DCA331 /* Pods-aggregate-ObjCMongoDB-Private.xcconfig */; };
		5AD542221989628900DCA331 /* Pods-aggregate-ObjCMongoDB.xcconfig in Resources */ = {isa = PBXBuildFile; fileRef = 5AD53B9A1989628700DCA331 /* Pods-aggregate-ObjCMongoDB.xcconfig */; };
		5AD542231989628900DCA331 /* Pods-aggregate-resources.sh in Resources */ = {isa = PBXBuildFile; fileRef = 5AD53B9B1989628700DCA331 /* Pods-aggregate-resources.sh */; };
		5AD542241989628900DCA331 /* Pods-aggregate.xcconfig in Resources */ = {isa = PBXBuildFile; fileRef = 5AD53B9C1989628700DCA331 /* Pods-aggregate.xcconfig */; };
		5AD542251989628900DCA331 /* Pods-dummy.m in Sources */ = {isa = PBXBuildFile; fileRef = 5AD53B9D1989628700DCA331 /* Pods-dummy.m */; };
		5AD542261989628900DCA331 /* Pods-mongo-c-driver-dummy.m in Sources */ = {isa = PBXBuildFile; fileRef = 5AD53B9F1989628700DCA331 /* Pods-mongo-c-driver-dummy.m */; };
		5AD542271989628900DCA331 /* Pods-mongo-c-driver-Private.xcconfig in Resources */ = {isa = PBXBuildFile; fileRef = 5AD53BA11989628700DCA331 /* Pods-mongo-c-driver-Private.xcconfig */; };
		5AD542281989628900DCA331 /* Pods-mongo-c-driver.xcconfig in Resources */ = {isa = PBXBuildFile; fileRef = 5AD53BA21989628700DCA331 /* Pods-mongo-c-driver.xcconfig */; };
		5AD542291989628900DCA331 /* Pods-ObjCMongoDB-dummy.m in Sources */ = {isa = PBXBuildFile; fileRef = 5AD53BA31989628700DCA331 /* Pods-ObjCMongoDB-dummy.m */; };
		5AD5422A1989628900DCA331 /* Pods-ObjCMongoDB-Private.xcconfig in Resources */ = {isa = PBXBuildFile; fileRef = 5AD53BA51989628700DCA331 /* Pods-ObjCMongoDB-Private.xcconfig */; };
		5AD5422B1989628900DCA331 /* Pods-ObjCMongoDB.xcconfig in Resources */ = {isa = PBXBuildFile; fileRef = 5AD53BA61989628700DCA331 /* Pods-ObjCMongoDB.xcconfig */; };
		5AD5422C1989628900DCA331 /* Pods-resources.sh in Resources */ = {isa = PBXBuildFile; fileRef = 5AD53BA71989628700DCA331 /* Pods-resources.sh */; };
		5AD5422D1989628900DCA331 /* Pods.xcconfig in Resources */ = {isa = PBXBuildFile; fileRef = 5AD53BA81989628700DCA331 /* Pods.xcconfig */; };
		5AD5422E1989628900DCA331 /* Settings.bundle in Resources */ = {isa = PBXBuildFile; fileRef = 5AD53BAC1989628700DCA331 /* Settings.bundle */; };
		5AD5422F1989628900DCA331 /* test.m in Sources */ = {isa = PBXBuildFile; fileRef = 5AD53BAD1989628800DCA331 /* test.m */; };
/* End PBXBuildFile section */

/* Begin PBXContainerItemProxy section */
		5A0EA40F19782F64007353EF /* PBXContainerItemProxy */ = {
			isa = PBXContainerItemProxy;
			containerPortal = 5A0EA3E719782F64007353EF /* Project object */;
			proxyType = 1;
			remoteGlobalIDString = 5A0EA3EE19782F64007353EF;
			remoteInfo = aggregate;
		};
		5AD542331989628A00DCA331 /* PBXContainerItemProxy */ = {
			isa = PBXContainerItemProxy;
			containerPortal = 5AD53BA91989628700DCA331 /* Pods.xcodeproj */;
			proxyType = 2;
			remoteGlobalIDString = 5265A9609D744CCC8B924C57;
			remoteInfo = "Pods-aggregate";
		};
		5AD542351989628A00DCA331 /* PBXContainerItemProxy */ = {
			isa = PBXContainerItemProxy;
			containerPortal = 5AD53BA91989628700DCA331 /* Pods.xcodeproj */;
			proxyType = 2;
			remoteGlobalIDString = B10D054EDB054ED88ED50463;
			remoteInfo = "Pods-aggregate-ObjCMongoDB";
		};
		5AD542371989628A00DCA331 /* PBXContainerItemProxy */ = {
			isa = PBXContainerItemProxy;
			containerPortal = 5AD53BA91989628700DCA331 /* Pods.xcodeproj */;
			proxyType = 2;
			remoteGlobalIDString = 146A6F7F901E40B085175E4F;
			remoteInfo = "Pods-aggregate-mongo-c-driver";
		};
/* End PBXContainerItemProxy section */

/* Begin PBXFileReference section */
		5A0EA3EF19782F64007353EF /* aggregate.app */ = {isa = PBXFileReference; explicitFileType = wrapper.application; includeInIndex = 0; path = aggregate.app; sourceTree = BUILT_PRODUCTS_DIR; };
		5A0EA3F219782F64007353EF /* Foundation.framework */ = {isa = PBXFileReference; lastKnownFileType = wrapper.framework; name = Foundation.framework; path = System/Library/Frameworks/Foundation.framework; sourceTree = SDKROOT; };
		5A0EA3F419782F64007353EF /* CoreGraphics.framework */ = {isa = PBXFileReference; lastKnownFileType = wrapper.framework; name = CoreGraphics.framework; path = System/Library/Frameworks/CoreGraphics.framework; sourceTree = SDKROOT; };
		5A0EA3F619782F64007353EF /* UIKit.framework */ = {isa = PBXFileReference; lastKnownFileType = wrapper.framework; name = UIKit.framework; path = System/Library/Frameworks/UIKit.framework; sourceTree = SDKROOT; };
		5A0EA40A19782F64007353EF /* aggregateTests.xctest */ = {isa = PBXFileReference; explicitFileType = wrapper.cfbundle; includeInIndex = 0; path = aggregateTests.xctest; sourceTree = BUILT_PRODUCTS_DIR; };
		5A0EA40B19782F64007353EF /* XCTest.framework */ = {isa = PBXFileReference; lastKnownFileType = wrapper.framework; name = XCTest.framework; path = Library/Frameworks/XCTest.framework; sourceTree = DEVELOPER_DIR; };
		5A0EA41319782F64007353EF /* aggregateTests-Info.plist */ = {isa = PBXFileReference; lastKnownFileType = text.plist.xml; path = "aggregateTests-Info.plist"; sourceTree = "<group>"; };
		5A0EA41519782F64007353EF /* en */ = {isa = PBXFileReference; lastKnownFileType = text.plist.strings; name = en; path = en.lproj/InfoPlist.strings; sourceTree = "<group>"; };
		5A0EA41719782F64007353EF /* aggregateTests.m */ = {isa = PBXFileReference; lastKnownFileType = sourcecode.c.objc; path = aggregateTests.m; sourceTree = "<group>"; };
		5AD5235D197851E800DCA331 /* tops.jpg */ = {isa = PBXFileReference; lastKnownFileType = image.jpeg; path = tops.jpg; sourceTree = SOURCE_ROOT; };
		5AD5235F197856B600DCA331 /* dresses.jpg */ = {isa = PBXFileReference; lastKnownFileType = image.jpeg; path = dresses.jpg; sourceTree = SOURCE_ROOT; };
		5AD5236119785E1000DCA331 /* skirts.jpg */ = {isa = PBXFileReference; lastKnownFileType = image.jpeg; path = skirts.jpg; sourceTree = SOURCE_ROOT; };
		5AD52363197964F700DCA331 /* pants.jpg */ = {isa = PBXFileReference; lastKnownFileType = image.jpeg; path = pants.jpg; sourceTree = SOURCE_ROOT; };
		5AD5236519796B2700DCA331 /* settings.png */ = {isa = PBXFileReference; lastKnownFileType = image.png; path = settings.png; sourceTree = SOURCE_ROOT; };
		5AD5236719796D2F00DCA331 /* hearts.png */ = {isa = PBXFileReference; lastKnownFileType = image.png; path = hearts.png; sourceTree = SOURCE_ROOT; };
		5AD5236D19797E6B00DCA331 /* viewall.png */ = {isa = PBXFileReference; lastKnownFileType = image.png; name = viewall.png; path = ../viewall.png; sourceTree = "<group>"; };
		5AD5236F1979840500DCA331 /* home.png */ = {isa = PBXFileReference; lastKnownFileType = image.png; path = home.png; sourceTree = SOURCE_ROOT; };
		5AD525D3197EC9BE00DCA331 /* tops1.jpg */ = {isa = PBXFileReference; lastKnownFileType = image.jpeg; path = tops1.jpg; sourceTree = SOURCE_ROOT; };
		5AD525D4197EC9BE00DCA331 /* tops2.jpg */ = {isa = PBXFileReference; lastKnownFileType = image.jpeg; path = tops2.jpg; sourceTree = SOURCE_ROOT; };
		5AD525D5197EC9BE00DCA331 /* tops3.jpg */ = {isa = PBXFileReference; lastKnownFileType = image.jpeg; path = tops3.jpg; sourceTree = SOURCE_ROOT; };
		5AD525D6197EC9BE00DCA331 /* tops4.jpg */ = {isa = PBXFileReference; lastKnownFileType = image.jpeg; path = tops4.jpg; sourceTree = SOURCE_ROOT; };
		5AD525DB197ED48A00DCA331 /* MyCollectionViewCell.h */ = {isa = PBXFileReference; fileEncoding = 4; lastKnownFileType = sourcecode.c.h; name = MyCollectionViewCell.h; path = ../MyCollectionViewCell.h; sourceTree = "<group>"; };
		5AD525DC197ED48A00DCA331 /* MyCollectionViewCell.m */ = {isa = PBXFileReference; fileEncoding = 4; lastKnownFileType = sourcecode.c.objc; name = MyCollectionViewCell.m; path = ../MyCollectionViewCell.m; sourceTree = "<group>"; };
		5AD534161989619C00DCA331 /* CategoryCell.h */ = {isa = PBXFileReference; fileEncoding = 4; lastKnownFileType = sourcecode.c.h; path = CategoryCell.h; sourceTree = SOURCE_ROOT; };
		5AD534171989619C00DCA331 /* CategoryCell.m */ = {isa = PBXFileReference; fileEncoding = 4; lastKnownFileType = sourcecode.c.objc; path = CategoryCell.m; sourceTree = SOURCE_ROOT; };
		5AD53419198961B800DCA331 /* xyzAppDelegate.h */ = {isa = PBXFileReference; fileEncoding = 4; lastKnownFileType = sourcecode.c.h; path = xyzAppDelegate.h; sourceTree = SOURCE_ROOT; };
		5AD5341A198961B800DCA331 /* xyzAppDelegate.m */ = {isa = PBXFileReference; fileEncoding = 4; lastKnownFileType = sourcecode.c.objc; path = xyzAppDelegate.m; sourceTree = SOURCE_ROOT; };
		5AD5341C198961DE00DCA331 /* Main.storyboard */ = {isa = PBXFileReference; fileEncoding = 4; lastKnownFileType = file.storyboard; path = Main.storyboard; sourceTree = SOURCE_ROOT; };
		5AD5341E198961EF00DCA331 /* MyCollectionView.h */ = {isa = PBXFileReference; fileEncoding = 4; lastKnownFileType = sourcecode.c.h; path = MyCollectionView.h; sourceTree = SOURCE_ROOT; };
		5AD5341F198961EF00DCA331 /* MyCollectionView.m */ = {isa = PBXFileReference; fileEncoding = 4; lastKnownFileType = sourcecode.c.objc; path = MyCollectionView.m; sourceTree = SOURCE_ROOT; };
		5AD53420198961EF00DCA331 /* MyCollectionViewController.h */ = {isa = PBXFileReference; fileEncoding = 4; lastKnownFileType = sourcecode.c.h; path = MyCollectionViewController.h; sourceTree = SOURCE_ROOT; };
		5AD53421198961EF00DCA331 /* MyCollectionViewController.m */ = {isa = PBXFileReference; fileEncoding = 4; lastKnownFileType = sourcecode.c.objc; path = MyCollectionViewController.m; sourceTree = SOURCE_ROOT; };
		5AD534241989621100DCA331 /* HomeViewController.h */ = {isa = PBXFileReference; fileEncoding = 4; lastKnownFileType = sourcecode.c.h; path = HomeViewController.h; sourceTree = SOURCE_ROOT; };
		5AD534251989621100DCA331 /* HomeViewController.m */ = {isa = PBXFileReference; fileEncoding = 4; lastKnownFileType = sourcecode.c.objc; path = HomeViewController.m; sourceTree = SOURCE_ROOT; };
		5AD534271989625300DCA331 /* Images.xcassets */ = {isa = PBXFileReference; lastKnownFileType = folder.assetcatalog; path = Images.xcassets; sourceTree = SOURCE_ROOT; };
		5AD534291989627B00DCA331 /* aggregate-Info.plist */ = {isa = PBXFileReference; fileEncoding = 4; lastKnownFileType = text.plist.xml; path = "aggregate-Info.plist"; sourceTree = SOURCE_ROOT; };
		5AD5342A1989627B00DCA331 /* aggregate-Prefix.pch */ = {isa = PBXFileReference; fileEncoding = 4; lastKnownFileType = sourcecode.c.h; path = "aggregate-Prefix.pch"; sourceTree = SOURCE_ROOT; };
		5AD5342D1989627B00DCA331 /* en */ = {isa = PBXFileReference; lastKnownFileType = text.plist.strings; name = en; path = InfoPlist.strings; sourceTree = "<group>"; };
		5AD5342E1989627B00DCA331 /* jcrew.h */ = {isa = PBXFileReference; fileEncoding = 4; lastKnownFileType = sourcecode.c.h; path = jcrew.h; sourceTree = SOURCE_ROOT; };
		5AD5342F1989627B00DCA331 /* jcrew.m */ = {isa = PBXFileReference; fileEncoding = 4; lastKnownFileType = sourcecode.c.objc; path = jcrew.m; sourceTree = SOURCE_ROOT; };
		5AD534301989627B00DCA331 /* main.m */ = {isa = PBXFileReference; fileEncoding = 4; lastKnownFileType = sourcecode.c.objc; path = main.m; sourceTree = SOURCE_ROOT; };
		5AD53AF41989628700DCA331 /* podfile */ = {isa = PBXFileReference; fileEncoding = 4; lastKnownFileType = text; path = podfile; sourceTree = SOURCE_ROOT; };
		5AD53AF51989628700DCA331 /* Podfile.lock */ = {isa = PBXFileReference; fileEncoding = 4; lastKnownFileType = text; path = Podfile.lock; sourceTree = SOURCE_ROOT; };
		5AD53AF91989628700DCA331 /* bcon.h */ = {isa = PBXFileReference; fileEncoding = 4; lastKnownFileType = sourcecode.c.h; path = bcon.h; sourceTree = "<group>"; };
		5AD53AFA1989628700DCA331 /* bson.h */ = {isa = PBXFileReference; fileEncoding = 4; lastKnownFileType = sourcecode.c.h; path = bson.h; sourceTree = "<group>"; };
		5AD53AFB1989628700DCA331 /* encoding.h */ = {isa = PBXFileReference; fileEncoding = 4; lastKnownFileType = sourcecode.c.h; path = encoding.h; sourceTree = "<group>"; };
		5AD53AFC1989628700DCA331 /* env.h */ = {isa = PBXFileReference; fileEncoding = 4; lastKnownFileType = sourcecode.c.h; path = env.h; sourceTree = "<group>"; };
		5AD53AFD1989628700DCA331 /* gridfs.h */ = {isa = PBXFileReference; fileEncoding = 4; lastKnownFileType = sourcecode.c.h; path = gridfs.h; sourceTree = "<group>"; };
		5AD53AFE1989628700DCA331 /* md5.h */ = {isa = PBXFileReference; fileEncoding = 4; lastKnownFileType = sourcecode.c.h; path = md5.h; sourceTree = "<group>"; };
		5AD53AFF1989628700DCA331 /* mongo.h */ = {isa = PBXFileReference; fileEncoding = 4; lastKnownFileType = sourcecode.c.h; path = mongo.h; sourceTree = "<group>"; };
		5AD53B011989628700DCA331 /* BSON_Helper.h */ = {isa = PBXFileReference; fileEncoding = 4; lastKnownFileType = sourcecode.c.h; path = BSON_Helper.h; sourceTree = "<group>"; };
		5AD53B021989628700DCA331 /* BSON_PrivateInterfaces.h */ = {isa = PBXFileReference; fileEncoding = 4; lastKnownFileType = sourcecode.c.h; path = BSON_PrivateInterfaces.h; sourceTree = "<group>"; };
		5AD53B031989628700DCA331 /* BSONCoding.h */ = {isa = PBXFileReference; fileEncoding = 4; lastKnownFileType = sourcecode.c.h; path = BSONCoding.h; sourceTree = "<group>"; };
		5AD53B041989628700DCA331 /* BSONDecoder.h */ = {isa = PBXFileReference; fileEncoding = 4; lastKnownFileType = sourcecode.c.h; path = BSONDecoder.h; sourceTree = "<group>"; };
		5AD53B051989628700DCA331 /* BSONDocument.h */ = {isa = PBXFileReference; fileEncoding = 4; lastKnownFileType = sourcecode.c.h; path = BSONDocument.h; sourceTree = "<group>"; };
		5AD53B061989628700DCA331 /* BSONEncoder.h */ = {isa = PBXFileReference; fileEncoding = 4; lastKnownFileType = sourcecode.c.h; path = BSONEncoder.h; sourceTree = "<group>"; };
		5AD53B071989628700DCA331 /* BSONIterator.h */ = {isa = PBXFileReference; fileEncoding = 4; lastKnownFileType = sourcecode.c.h; path = BSONIterator.h; sourceTree = "<group>"; };
		5AD53B081989628700DCA331 /* BSONTypes.h */ = {isa = PBXFileReference; fileEncoding = 4; lastKnownFileType = sourcecode.c.h; path = BSONTypes.h; sourceTree = "<group>"; };
		5AD53B091989628700DCA331 /* Mongo_Helper.h */ = {isa = PBXFileReference; fileEncoding = 4; lastKnownFileType = sourcecode.c.h; path = Mongo_Helper.h; sourceTree = "<group>"; };
		5AD53B0A1989628700DCA331 /* Mongo_PrivateInterfaces.h */ = {isa = PBXFileReference; fileEncoding = 4; lastKnownFileType = sourcecode.c.h; path = Mongo_PrivateInterfaces.h; sourceTree = "<group>"; };
		5AD53B0B1989628700DCA331 /* MongoConnection+Diagnostics.h */ = {isa = PBXFileReference; fileEncoding = 4; lastKnownFileType = sourcecode.c.h; path = "MongoConnection+Diagnostics.h"; sourceTree = "<group>"; };
		5AD53B0C1989628700DCA331 /* MongoConnection.h */ = {isa = PBXFileReference; fileEncoding = 4; lastKnownFileType = sourcecode.c.h; path = MongoConnection.h; sourceTree = "<group>"; };
		5AD53B0D1989628700DCA331 /* MongoCursor.h */ = {isa = PBXFileReference; fileEncoding = 4; lastKnownFileType = sourcecode.c.h; path = MongoCursor.h; sourceTree = "<group>"; };
		5AD53B0E1989628700DCA331 /* MongoDBCollection.h */ = {isa = PBXFileReference; fileEncoding = 4; lastKnownFileType = sourcecode.c.h; path = MongoDBCollection.h; sourceTree = "<group>"; };
		5AD53B0F1989628700DCA331 /* MongoFindRequest.h */ = {isa = PBXFileReference; fileEncoding = 4; lastKnownFileType = sourcecode.c.h; path = MongoFindRequest.h; sourceTree = "<group>"; };
		5AD53B101989628700DCA331 /* MongoKeyedPredicate.h */ = {isa = PBXFileReference; fileEncoding = 4; lastKnownFileType = sourcecode.c.h; path = MongoKeyedPredicate.h; sourceTree = "<group>"; };
		5AD53B111989628700DCA331 /* MongoPredicate.h */ = {isa = PBXFileReference; fileEncoding = 4; lastKnownFileType = sourcecode.c.h; path = MongoPredicate.h; sourceTree = "<group>"; };
		5AD53B121989628700DCA331 /* MongoTypes.h */ = {isa = PBXFileReference; fileEncoding = 4; lastKnownFileType = sourcecode.c.h; path = MongoTypes.h; sourceTree = "<group>"; };
		5AD53B131989628700DCA331 /* MongoUpdateRequest.h */ = {isa = PBXFileReference; fileEncoding = 4; lastKnownFileType = sourcecode.c.h; path = MongoUpdateRequest.h; sourceTree = "<group>"; };
		5AD53B141989628700DCA331 /* MongoWriteConcern.h */ = {isa = PBXFileReference; fileEncoding = 4; lastKnownFileType = sourcecode.c.h; path = MongoWriteConcern.h; sourceTree = "<group>"; };
		5AD53B151989628700DCA331 /* NSArray+MongoAdditions.h */ = {isa = PBXFileReference; fileEncoding = 4; lastKnownFileType = sourcecode.c.h; path = "NSArray+MongoAdditions.h"; sourceTree = "<group>"; };
		5AD53B161989628700DCA331 /* NSData+BSONAdditions.h */ = {isa = PBXFileReference; fileEncoding = 4; lastKnownFileType = sourcecode.c.h; path = "NSData+BSONAdditions.h"; sourceTree = "<group>"; };
		5AD53B171989628700DCA331 /* NSDictionary+BSONAdditions.h */ = {isa = PBXFileReference; fileEncoding = 4; lastKnownFileType = sourcecode.c.h; path = "NSDictionary+BSONAdditions.h"; sourceTree = "<group>"; };
		5AD53B181989628700DCA331 /* NSManagedObject+BSONCoding.h */ = {isa = PBXFileReference; fileEncoding = 4; lastKnownFileType = sourcecode.c.h; path = "NSManagedObject+BSONCoding.h"; sourceTree = "<group>"; };
		5AD53B191989628700DCA331 /* NSString+BSONAdditions.h */ = {isa = PBXFileReference; fileEncoding = 4; lastKnownFileType = sourcecode.c.h; path = "NSString+BSONAdditions.h"; sourceTree = "<group>"; };
		5AD53B1A1989628700DCA331 /* ObjCBSON.h */ = {isa = PBXFileReference; fileEncoding = 4; lastKnownFileType = sourcecode.c.h; path = ObjCBSON.h; sourceTree = "<group>"; };
		5AD53B1B1989628700DCA331 /* ObjCMongoDB.h */ = {isa = PBXFileReference; fileEncoding = 4; lastKnownFileType = sourcecode.c.h; path = ObjCMongoDB.h; sourceTree = "<group>"; };
		5AD53B1C1989628700DCA331 /* OrderedDictionary.h */ = {isa = PBXFileReference; fileEncoding = 4; lastKnownFileType = sourcecode.c.h; path = OrderedDictionary.h; sourceTree = "<group>"; };
		5AD53B1F1989628700DCA331 /* bcon.h */ = {isa = PBXFileReference; fileEncoding = 4; lastKnownFileType = sourcecode.c.h; path = bcon.h; sourceTree = "<group>"; };
		5AD53B201989628700DCA331 /* bson.h */ = {isa = PBXFileReference; fileEncoding = 4; lastKnownFileType = sourcecode.c.h; path = bson.h; sourceTree = "<group>"; };
		5AD53B211989628700DCA331 /* encoding.h */ = {isa = PBXFileReference; fileEncoding = 4; lastKnownFileType = sourcecode.c.h; path = encoding.h; sourceTree = "<group>"; };
		5AD53B221989628700DCA331 /* env.h */ = {isa = PBXFileReference; fileEncoding = 4; lastKnownFileType = sourcecode.c.h; path = env.h; sourceTree = "<group>"; };
		5AD53B231989628700DCA331 /* gridfs.h */ = {isa = PBXFileReference; fileEncoding = 4; lastKnownFileType = sourcecode.c.h; path = gridfs.h; sourceTree = "<group>"; };
		5AD53B241989628700DCA331 /* md5.h */ = {isa = PBXFileReference; fileEncoding = 4; lastKnownFileType = sourcecode.c.h; path = md5.h; sourceTree = "<group>"; };
		5AD53B251989628700DCA331 /* mongo.h */ = {isa = PBXFileReference; fileEncoding = 4; lastKnownFileType = sourcecode.c.h; path = mongo.h; sourceTree = "<group>"; };
		5AD53B271989628700DCA331 /* BSONCoding.h */ = {isa = PBXFileReference; fileEncoding = 4; lastKnownFileType = sourcecode.c.h; path = BSONCoding.h; sourceTree = "<group>"; };
		5AD53B281989628700DCA331 /* BSONDecoder.h */ = {isa = PBXFileReference; fileEncoding = 4; lastKnownFileType = sourcecode.c.h; path = BSONDecoder.h; sourceTree = "<group>"; };
		5AD53B291989628700DCA331 /* BSONDocument.h */ = {isa = PBXFileReference; fileEncoding = 4; lastKnownFileType = sourcecode.c.h; path = BSONDocument.h; sourceTree = "<group>"; };
		5AD53B2A1989628700DCA331 /* BSONEncoder.h */ = {isa = PBXFileReference; fileEncoding = 4; lastKnownFileType = sourcecode.c.h; path = BSONEncoder.h; sourceTree = "<group>"; };
		5AD53B2B1989628700DCA331 /* BSONIterator.h */ = {isa = PBXFileReference; fileEncoding = 4; lastKnownFileType = sourcecode.c.h; path = BSONIterator.h; sourceTree = "<group>"; };
		5AD53B2C1989628700DCA331 /* BSONTypes.h */ = {isa = PBXFileReference; fileEncoding = 4; lastKnownFileType = sourcecode.c.h; path = BSONTypes.h; sourceTree = "<group>"; };
		5AD53B2D1989628700DCA331 /* MongoConnection+Diagnostics.h */ = {isa = PBXFileReference; fileEncoding = 4; lastKnownFileType = sourcecode.c.h; path = "MongoConnection+Diagnostics.h"; sourceTree = "<group>"; };
		5AD53B2E1989628700DCA331 /* MongoConnection.h */ = {isa = PBXFileReference; fileEncoding = 4; lastKnownFileType = sourcecode.c.h; path = MongoConnection.h; sourceTree = "<group>"; };
		5AD53B2F1989628700DCA331 /* MongoCursor.h */ = {isa = PBXFileReference; fileEncoding = 4; lastKnownFileType = sourcecode.c.h; path = MongoCursor.h; sourceTree = "<group>"; };
		5AD53B301989628700DCA331 /* MongoDBCollection.h */ = {isa = PBXFileReference; fileEncoding = 4; lastKnownFileType = sourcecode.c.h; path = MongoDBCollection.h; sourceTree = "<group>"; };
		5AD53B311989628700DCA331 /* MongoFindRequest.h */ = {isa = PBXFileReference; fileEncoding = 4; lastKnownFileType = sourcecode.c.h; path = MongoFindRequest.h; sourceTree = "<group>"; };
		5AD53B321989628700DCA331 /* MongoKeyedPredicate.h */ = {isa = PBXFileReference; fileEncoding = 4; lastKnownFileType = sourcecode.c.h; path = MongoKeyedPredicate.h; sourceTree = "<group>"; };
		5AD53B331989628700DCA331 /* MongoPredicate.h */ = {isa = PBXFileReference; fileEncoding = 4; lastKnownFileType = sourcecode.c.h; path = MongoPredicate.h; sourceTree = "<group>"; };
		5AD53B341989628700DCA331 /* MongoTypes.h */ = {isa = PBXFileReference; fileEncoding = 4; lastKnownFileType = sourcecode.c.h; path = MongoTypes.h; sourceTree = "<group>"; };
		5AD53B351989628700DCA331 /* MongoUpdateRequest.h */ = {isa = PBXFileReference; fileEncoding = 4; lastKnownFileType = sourcecode.c.h; path = MongoUpdateRequest.h; sourceTree = "<group>"; };
		5AD53B361989628700DCA331 /* MongoWriteConcern.h */ = {isa = PBXFileReference; fileEncoding = 4; lastKnownFileType = sourcecode.c.h; path = MongoWriteConcern.h; sourceTree = "<group>"; };
		5AD53B371989628700DCA331 /* NSArray+MongoAdditions.h */ = {isa = PBXFileReference; fileEncoding = 4; lastKnownFileType = sourcecode.c.h; path = "NSArray+MongoAdditions.h"; sourceTree = "<group>"; };
		5AD53B381989628700DCA331 /* NSData+BSONAdditions.h */ = {isa = PBXFileReference; fileEncoding = 4; lastKnownFileType = sourcecode.c.h; path = "NSData+BSONAdditions.h"; sourceTree = "<group>"; };
		5AD53B391989628700DCA331 /* NSDictionary+BSONAdditions.h */ = {isa = PBXFileReference; fileEncoding = 4; lastKnownFileType = sourcecode.c.h; path = "NSDictionary+BSONAdditions.h"; sourceTree = "<group>"; };
		5AD53B3A1989628700DCA331 /* NSManagedObject+BSONCoding.h */ = {isa = PBXFileReference; fileEncoding = 4; lastKnownFileType = sourcecode.c.h; path = "NSManagedObject+BSONCoding.h"; sourceTree = "<group>"; };
		5AD53B3B1989628700DCA331 /* NSString+BSONAdditions.h */ = {isa = PBXFileReference; fileEncoding = 4; lastKnownFileType = sourcecode.c.h; path = "NSString+BSONAdditions.h"; sourceTree = "<group>"; };
		5AD53B3C1989628700DCA331 /* ObjCBSON.h */ = {isa = PBXFileReference; fileEncoding = 4; lastKnownFileType = sourcecode.c.h; path = ObjCBSON.h; sourceTree = "<group>"; };
		5AD53B3D1989628700DCA331 /* ObjCMongoDB.h */ = {isa = PBXFileReference; fileEncoding = 4; lastKnownFileType = sourcecode.c.h; path = ObjCMongoDB.h; sourceTree = "<group>"; };
		5AD53B3E1989628700DCA331 /* OrderedDictionary.h */ = {isa = PBXFileReference; fileEncoding = 4; lastKnownFileType = sourcecode.c.h; path = OrderedDictionary.h; sourceTree = "<group>"; };
		5AD53B3F1989628700DCA331 /* Manifest.lock */ = {isa = PBXFileReference; fileEncoding = 4; lastKnownFileType = text; path = Manifest.lock; sourceTree = "<group>"; };
		5AD53B411989628700DCA331 /* LICENSE */ = {isa = PBXFileReference; fileEncoding = 4; lastKnownFileType = text; path = LICENSE; sourceTree = "<group>"; };
		5AD53B421989628700DCA331 /* README.md */ = {isa = PBXFileReference; fileEncoding = 4; lastKnownFileType = text; path = README.md; sourceTree = "<group>"; };
		5AD53B441989628700DCA331 /* bcon.c */ = {isa = PBXFileReference; fileEncoding = 4; lastKnownFileType = sourcecode.c.c; path = bcon.c; sourceTree = "<group>"; };
		5AD53B451989628700DCA331 /* bcon.h */ = {isa = PBXFileReference; fileEncoding = 4; lastKnownFileType = sourcecode.c.h; path = bcon.h; sourceTree = "<group>"; };
		5AD53B461989628700DCA331 /* bson.c */ = {isa = PBXFileReference; fileEncoding = 4; lastKnownFileType = sourcecode.c.c; path = bson.c; sourceTree = "<group>"; };
		5AD53B471989628700DCA331 /* bson.h */ = {isa = PBXFileReference; fileEncoding = 4; lastKnownFileType = sourcecode.c.h; path = bson.h; sourceTree = "<group>"; };
		5AD53B481989628700DCA331 /* encoding.c */ = {isa = PBXFileReference; fileEncoding = 4; lastKnownFileType = sourcecode.c.c; path = encoding.c; sourceTree = "<group>"; };
		5AD53B491989628700DCA331 /* encoding.h */ = {isa = PBXFileReference; fileEncoding = 4; lastKnownFileType = sourcecode.c.h; path = encoding.h; sourceTree = "<group>"; };
		5AD53B4A1989628700DCA331 /* env.c */ = {isa = PBXFileReference; fileEncoding = 4; lastKnownFileType = sourcecode.c.c; path = env.c; sourceTree = "<group>"; };
		5AD53B4B1989628700DCA331 /* env.h */ = {isa = PBXFileReference; fileEncoding = 4; lastKnownFileType = sourcecode.c.h; path = env.h; sourceTree = "<group>"; };
		5AD53B4C1989628700DCA331 /* gridfs.c */ = {isa = PBXFileReference; fileEncoding = 4; lastKnownFileType = sourcecode.c.c; path = gridfs.c; sourceTree = "<group>"; };
		5AD53B4D1989628700DCA331 /* gridfs.h */ = {isa = PBXFileReference; fileEncoding = 4; lastKnownFileType = sourcecode.c.h; path = gridfs.h; sourceTree = "<group>"; };
		5AD53B4E1989628700DCA331 /* md5.c */ = {isa = PBXFileReference; fileEncoding = 4; lastKnownFileType = sourcecode.c.c; path = md5.c; sourceTree = "<group>"; };
		5AD53B4F1989628700DCA331 /* md5.h */ = {isa = PBXFileReference; fileEncoding = 4; lastKnownFileType = sourcecode.c.h; path = md5.h; sourceTree = "<group>"; };
		5AD53B501989628700DCA331 /* mongo.c */ = {isa = PBXFileReference; fileEncoding = 4; lastKnownFileType = sourcecode.c.c; path = mongo.c; sourceTree = "<group>"; };
		5AD53B511989628700DCA331 /* mongo.h */ = {isa = PBXFileReference; fileEncoding = 4; lastKnownFileType = sourcecode.c.h; path = mongo.h; sourceTree = "<group>"; };
		5AD53B521989628700DCA331 /* numbers.c */ = {isa = PBXFileReference; fileEncoding = 4; lastKnownFileType = sourcecode.c.c; path = numbers.c; sourceTree = "<group>"; };
		5AD53B551989628700DCA331 /* BSON_Helper.h */ = {isa = PBXFileReference; fileEncoding = 4; lastKnownFileType = sourcecode.c.h; path = BSON_Helper.h; sourceTree = "<group>"; };
		5AD53B561989628700DCA331 /* BSON_Helper.m */ = {isa = PBXFileReference; fileEncoding = 4; lastKnownFileType = sourcecode.c.objc; path = BSON_Helper.m; sourceTree = "<group>"; };
		5AD53B571989628700DCA331 /* BSON_PrivateInterfaces.h */ = {isa = PBXFileReference; fileEncoding = 4; lastKnownFileType = sourcecode.c.h; path = BSON_PrivateInterfaces.h; sourceTree = "<group>"; };
		5AD53B581989628700DCA331 /* BSONCoding.h */ = {isa = PBXFileReference; fileEncoding = 4; lastKnownFileType = sourcecode.c.h; path = BSONCoding.h; sourceTree = "<group>"; };
		5AD53B591989628700DCA331 /* BSONDecoder.h */ = {isa = PBXFileReference; fileEncoding = 4; lastKnownFileType = sourcecode.c.h; path = BSONDecoder.h; sourceTree = "<group>"; };
		5AD53B5A1989628700DCA331 /* BSONDecoder.m */ = {isa = PBXFileReference; fileEncoding = 4; lastKnownFileType = sourcecode.c.objc; path = BSONDecoder.m; sourceTree = "<group>"; };
		5AD53B5B1989628700DCA331 /* BSONDocument.h */ = {isa = PBXFileReference; fileEncoding = 4; lastKnownFileType = sourcecode.c.h; path = BSONDocument.h; sourceTree = "<group>"; };
		5AD53B5C1989628700DCA331 /* BSONDocument.m */ = {isa = PBXFileReference; fileEncoding = 4; lastKnownFileType = sourcecode.c.objc; path = BSONDocument.m; sourceTree = "<group>"; };
		5AD53B5D1989628700DCA331 /* BSONEncoder.h */ = {isa = PBXFileReference; fileEncoding = 4; lastKnownFileType = sourcecode.c.h; path = BSONEncoder.h; sourceTree = "<group>"; };
		5AD53B5E1989628700DCA331 /* BSONEncoder.m */ = {isa = PBXFileReference; fileEncoding = 4; lastKnownFileType = sourcecode.c.objc; path = BSONEncoder.m; sourceTree = "<group>"; };
		5AD53B5F1989628700DCA331 /* BSONIterator.h */ = {isa = PBXFileReference; fileEncoding = 4; lastKnownFileType = sourcecode.c.h; path = BSONIterator.h; sourceTree = "<group>"; };
		5AD53B601989628700DCA331 /* BSONIterator.m */ = {isa = PBXFileReference; fileEncoding = 4; lastKnownFileType = sourcecode.c.objc; path = BSONIterator.m; sourceTree = "<group>"; };
		5AD53B611989628700DCA331 /* BSONTypes.h */ = {isa = PBXFileReference; fileEncoding = 4; lastKnownFileType = sourcecode.c.h; path = BSONTypes.h; sourceTree = "<group>"; };
		5AD53B621989628700DCA331 /* BSONTypes.m */ = {isa = PBXFileReference; fileEncoding = 4; lastKnownFileType = sourcecode.c.objc; path = BSONTypes.m; sourceTree = "<group>"; };
		5AD53B631989628700DCA331 /* NSData+BSONAdditions.h */ = {isa = PBXFileReference; fileEncoding = 4; lastKnownFileType = sourcecode.c.h; path = "NSData+BSONAdditions.h"; sourceTree = "<group>"; };
		5AD53B641989628700DCA331 /* NSData+BSONAdditions.m */ = {isa = PBXFileReference; fileEncoding = 4; lastKnownFileType = sourcecode.c.objc; path = "NSData+BSONAdditions.m"; sourceTree = "<group>"; };
		5AD53B651989628700DCA331 /* NSDictionary+BSONAdditions.h */ = {isa = PBXFileReference; fileEncoding = 4; lastKnownFileType = sourcecode.c.h; path = "NSDictionary+BSONAdditions.h"; sourceTree = "<group>"; };
		5AD53B661989628700DCA331 /* NSDictionary+BSONAdditions.m */ = {isa = PBXFileReference; fileEncoding = 4; lastKnownFileType = sourcecode.c.objc; path = "NSDictionary+BSONAdditions.m"; sourceTree = "<group>"; };
		5AD53B671989628700DCA331 /* NSManagedObject+BSONCoding.h */ = {isa = PBXFileReference; fileEncoding = 4; lastKnownFileType = sourcecode.c.h; path = "NSManagedObject+BSONCoding.h"; sourceTree = "<group>"; };
		5AD53B681989628700DCA331 /* NSManagedObject+BSONCoding.m */ = {isa = PBXFileReference; fileEncoding = 4; lastKnownFileType = sourcecode.c.objc; path = "NSManagedObject+BSONCoding.m"; sourceTree = "<group>"; };
		5AD53B691989628700DCA331 /* NSString+BSONAdditions.h */ = {isa = PBXFileReference; fileEncoding = 4; lastKnownFileType = sourcecode.c.h; path = "NSString+BSONAdditions.h"; sourceTree = "<group>"; };
		5AD53B6A1989628700DCA331 /* NSString+BSONAdditions.m */ = {isa = PBXFileReference; fileEncoding = 4; lastKnownFileType = sourcecode.c.objc; path = "NSString+BSONAdditions.m"; sourceTree = "<group>"; };
		5AD53B6B1989628700DCA331 /* ObjCBSON.h */ = {isa = PBXFileReference; fileEncoding = 4; lastKnownFileType = sourcecode.c.h; path = ObjCBSON.h; sourceTree = "<group>"; };
		5AD53B6C1989628700DCA331 /* ObjCBSON.m */ = {isa = PBXFileReference; fileEncoding = 4; lastKnownFileType = sourcecode.c.objc; path = ObjCBSON.m; sourceTree = "<group>"; };
		5AD53B6D1989628700DCA331 /* LICENSE */ = {isa = PBXFileReference; fileEncoding = 4; lastKnownFileType = text; path = LICENSE; sourceTree = "<group>"; };
		5AD53B6F1989628700DCA331 /* Mongo_Helper.h */ = {isa = PBXFileReference; fileEncoding = 4; lastKnownFileType = sourcecode.c.h; path = Mongo_Helper.h; sourceTree = "<group>"; };
		5AD53B701989628700DCA331 /* Mongo_Helper.m */ = {isa = PBXFileReference; fileEncoding = 4; lastKnownFileType = sourcecode.c.objc; path = Mongo_Helper.m; sourceTree = "<group>"; };
		5AD53B711989628700DCA331 /* Mongo_PrivateInterfaces.h */ = {isa = PBXFileReference; fileEncoding = 4; lastKnownFileType = sourcecode.c.h; path = Mongo_PrivateInterfaces.h; sourceTree = "<group>"; };
		5AD53B721989628700DCA331 /* MongoConnection+Diagnostics.h */ = {isa = PBXFileReference; fileEncoding = 4; lastKnownFileType = sourcecode.c.h; path = "MongoConnection+Diagnostics.h"; sourceTree = "<group>"; };
		5AD53B731989628700DCA331 /* MongoConnection+Diagnostics.m */ = {isa = PBXFileReference; fileEncoding = 4; lastKnownFileType = sourcecode.c.objc; path = "MongoConnection+Diagnostics.m"; sourceTree = "<group>"; };
		5AD53B741989628700DCA331 /* MongoConnection.h */ = {isa = PBXFileReference; fileEncoding = 4; lastKnownFileType = sourcecode.c.h; path = MongoConnection.h; sourceTree = "<group>"; };
		5AD53B751989628700DCA331 /* MongoConnection.m */ = {isa = PBXFileReference; fileEncoding = 4; lastKnownFileType = sourcecode.c.objc; path = MongoConnection.m; sourceTree = "<group>"; };
		5AD53B761989628700DCA331 /* MongoCursor.h */ = {isa = PBXFileReference; fileEncoding = 4; lastKnownFileType = sourcecode.c.h; path = MongoCursor.h; sourceTree = "<group>"; };
		5AD53B771989628700DCA331 /* MongoCursor.m */ = {isa = PBXFileReference; fileEncoding = 4; lastKnownFileType = sourcecode.c.objc; path = MongoCursor.m; sourceTree = "<group>"; };
		5AD53B781989628700DCA331 /* MongoDBCollection.h */ = {isa = PBXFileReference; fileEncoding = 4; lastKnownFileType = sourcecode.c.h; path = MongoDBCollection.h; sourceTree = "<group>"; };
		5AD53B791989628700DCA331 /* MongoDBCollection.m */ = {isa = PBXFileReference; fileEncoding = 4; lastKnownFileType = sourcecode.c.objc; path = MongoDBCollection.m; sourceTree = "<group>"; };
		5AD53B7A1989628700DCA331 /* MongoFindRequest.h */ = {isa = PBXFileReference; fileEncoding = 4; lastKnownFileType = sourcecode.c.h; path = MongoFindRequest.h; sourceTree = "<group>"; };
		5AD53B7B1989628700DCA331 /* MongoFindRequest.m */ = {isa = PBXFileReference; fileEncoding = 4; lastKnownFileType = sourcecode.c.objc; path = MongoFindRequest.m; sourceTree = "<group>"; };
		5AD53B7C1989628700DCA331 /* MongoKeyedPredicate.h */ = {isa = PBXFileReference; fileEncoding = 4; lastKnownFileType = sourcecode.c.h; path = MongoKeyedPredicate.h; sourceTree = "<group>"; };
		5AD53B7D1989628700DCA331 /* MongoKeyedPredicate.m */ = {isa = PBXFileReference; fileEncoding = 4; lastKnownFileType = sourcecode.c.objc; path = MongoKeyedPredicate.m; sourceTree = "<group>"; };
		5AD53B7E1989628700DCA331 /* MongoPredicate.h */ = {isa = PBXFileReference; fileEncoding = 4; lastKnownFileType = sourcecode.c.h; path = MongoPredicate.h; sourceTree = "<group>"; };
		5AD53B7F1989628700DCA331 /* MongoPredicate.m */ = {isa = PBXFileReference; fileEncoding = 4; lastKnownFileType = sourcecode.c.objc; path = MongoPredicate.m; sourceTree = "<group>"; };
		5AD53B801989628700DCA331 /* MongoTypes.h */ = {isa = PBXFileReference; fileEncoding = 4; lastKnownFileType = sourcecode.c.h; path = MongoTypes.h; sourceTree = "<group>"; };
		5AD53B811989628700DCA331 /* MongoTypes.m */ = {isa = PBXFileReference; fileEncoding = 4; lastKnownFileType = sourcecode.c.objc; path = MongoTypes.m; sourceTree = "<group>"; };
		5AD53B821989628700DCA331 /* MongoUpdateRequest.h */ = {isa = PBXFileReference; fileEncoding = 4; lastKnownFileType = sourcecode.c.h; path = MongoUpdateRequest.h; sourceTree = "<group>"; };
		5AD53B831989628700DCA331 /* MongoUpdateRequest.m */ = {isa = PBXFileReference; fileEncoding = 4; lastKnownFileType = sourcecode.c.objc; path = MongoUpdateRequest.m; sourceTree = "<group>"; };
		5AD53B841989628700DCA331 /* MongoWriteConcern.h */ = {isa = PBXFileReference; fileEncoding = 4; lastKnownFileType = sourcecode.c.h; path = MongoWriteConcern.h; sourceTree = "<group>"; };
		5AD53B851989628700DCA331 /* MongoWriteConcern.m */ = {isa = PBXFileReference; fileEncoding = 4; lastKnownFileType = sourcecode.c.objc; path = MongoWriteConcern.m; sourceTree = "<group>"; };
		5AD53B861989628700DCA331 /* NSArray+MongoAdditions.h */ = {isa = PBXFileReference; fileEncoding = 4; lastKnownFileType = sourcecode.c.h; path = "NSArray+MongoAdditions.h"; sourceTree = "<group>"; };
		5AD53B871989628700DCA331 /* NSArray+MongoAdditions.m */ = {isa = PBXFileReference; fileEncoding = 4; lastKnownFileType = sourcecode.c.objc; path = "NSArray+MongoAdditions.m"; sourceTree = "<group>"; };
		5AD53B881989628700DCA331 /* ObjCMongoDB.h */ = {isa = PBXFileReference; fileEncoding = 4; lastKnownFileType = sourcecode.c.h; path = ObjCMongoDB.h; sourceTree = "<group>"; };
		5AD53B8A1989628700DCA331 /* OrderedDictionary.h */ = {isa = PBXFileReference; fileEncoding = 4; lastKnownFileType = sourcecode.c.h; path = OrderedDictionary.h; sourceTree = "<group>"; };
		5AD53B8B1989628700DCA331 /* OrderedDictionary.m */ = {isa = PBXFileReference; fileEncoding = 4; lastKnownFileType = sourcecode.c.objc; path = OrderedDictionary.m; sourceTree = "<group>"; };
		5AD53B8C1989628700DCA331 /* README.md */ = {isa = PBXFileReference; fileEncoding = 4; lastKnownFileType = text; path = README.md; sourceTree = "<group>"; };
		5AD53B8D1989628700DCA331 /* Pods-acknowledgements.markdown */ = {isa = PBXFileReference; fileEncoding = 4; lastKnownFileType = text; path = "Pods-acknowledgements.markdown"; sourceTree = "<group>"; };
		5AD53B8E1989628700DCA331 /* Pods-acknowledgements.plist */ = {isa = PBXFileReference; fileEncoding = 4; lastKnownFileType = text.plist.xml; path = "Pods-acknowledgements.plist"; sourceTree = "<group>"; };
		5AD53B8F1989628700DCA331 /* Pods-aggregate-acknowledgements.markdown */ = {isa = PBXFileReference; fileEncoding = 4; lastKnownFileType = text; path = "Pods-aggregate-acknowledgements.markdown"; sourceTree = "<group>"; };
		5AD53B901989628700DCA331 /* Pods-aggregate-acknowledgements.plist */ = {isa = PBXFileReference; fileEncoding = 4; lastKnownFileType = text.plist.xml; path = "Pods-aggregate-acknowledgements.plist"; sourceTree = "<group>"; };
		5AD53B911989628700DCA331 /* Pods-aggregate-dummy.m */ = {isa = PBXFileReference; fileEncoding = 4; lastKnownFileType = sourcecode.c.objc; path = "Pods-aggregate-dummy.m"; sourceTree = "<group>"; };
		5AD53B921989628700DCA331 /* Pods-aggregate-environment.h */ = {isa = PBXFileReference; fileEncoding = 4; lastKnownFileType = sourcecode.c.h; path = "Pods-aggregate-environment.h"; sourceTree = "<group>"; };
		5AD53B931989628700DCA331 /* Pods-aggregate-mongo-c-driver-dummy.m */ = {isa = PBXFileReference; fileEncoding = 4; lastKnownFileType = sourcecode.c.objc; path = "Pods-aggregate-mongo-c-driver-dummy.m"; sourceTree = "<group>"; };
		5AD53B941989628700DCA331 /* Pods-aggregate-mongo-c-driver-prefix.pch */ = {isa = PBXFileReference; fileEncoding = 4; lastKnownFileType = sourcecode.c.h; path = "Pods-aggregate-mongo-c-driver-prefix.pch"; sourceTree = "<group>"; };
		5AD53B951989628700DCA331 /* Pods-aggregate-mongo-c-driver-Private.xcconfig */ = {isa = PBXFileReference; fileEncoding = 4; lastKnownFileType = text.xcconfig; path = "Pods-aggregate-mongo-c-driver-Private.xcconfig"; sourceTree = "<group>"; };
		5AD53B961989628700DCA331 /* Pods-aggregate-mongo-c-driver.xcconfig */ = {isa = PBXFileReference; fileEncoding = 4; lastKnownFileType = text.xcconfig; path = "Pods-aggregate-mongo-c-driver.xcconfig"; sourceTree = "<group>"; };
		5AD53B971989628700DCA331 /* Pods-aggregate-ObjCMongoDB-dummy.m */ = {isa = PBXFileReference; fileEncoding = 4; lastKnownFileType = sourcecode.c.objc; path = "Pods-aggregate-ObjCMongoDB-dummy.m"; sourceTree = "<group>"; };
		5AD53B981989628700DCA331 /* Pods-aggregate-ObjCMongoDB-prefix.pch */ = {isa = PBXFileReference; fileEncoding = 4; lastKnownFileType = sourcecode.c.h; path = "Pods-aggregate-ObjCMongoDB-prefix.pch"; sourceTree = "<group>"; };
		5AD53B991989628700DCA331 /* Pods-aggregate-ObjCMongoDB-Private.xcconfig */ = {isa = PBXFileReference; fileEncoding = 4; lastKnownFileType = text.xcconfig; path = "Pods-aggregate-ObjCMongoDB-Private.xcconfig"; sourceTree = "<group>"; };
		5AD53B9A1989628700DCA331 /* Pods-aggregate-ObjCMongoDB.xcconfig */ = {isa = PBXFileReference; fileEncoding = 4; lastKnownFileType = text.xcconfig; path = "Pods-aggregate-ObjCMongoDB.xcconfig"; sourceTree = "<group>"; };
		5AD53B9B1989628700DCA331 /* Pods-aggregate-resources.sh */ = {isa = PBXFileReference; fileEncoding = 4; lastKnownFileType = text.script.sh; path = "Pods-aggregate-resources.sh"; sourceTree = "<group>"; };
		5AD53B9C1989628700DCA331 /* Pods-aggregate.xcconfig */ = {isa = PBXFileReference; fileEncoding = 4; lastKnownFileType = text.xcconfig; path = "Pods-aggregate.xcconfig"; sourceTree = "<group>"; };
		5AD53B9D1989628700DCA331 /* Pods-dummy.m */ = {isa = PBXFileReference; fileEncoding = 4; lastKnownFileType = sourcecode.c.objc; path = "Pods-dummy.m"; sourceTree = "<group>"; };
		5AD53B9E1989628700DCA331 /* Pods-environment.h */ = {isa = PBXFileReference; fileEncoding = 4; lastKnownFileType = sourcecode.c.h; path = "Pods-environment.h"; sourceTree = "<group>"; };
		5AD53B9F1989628700DCA331 /* Pods-mongo-c-driver-dummy.m */ = {isa = PBXFileReference; fileEncoding = 4; lastKnownFileType = sourcecode.c.objc; path = "Pods-mongo-c-driver-dummy.m"; sourceTree = "<group>"; };
		5AD53BA01989628700DCA331 /* Pods-mongo-c-driver-prefix.pch */ = {isa = PBXFileReference; fileEncoding = 4; lastKnownFileType = sourcecode.c.h; path = "Pods-mongo-c-driver-prefix.pch"; sourceTree = "<group>"; };
		5AD53BA11989628700DCA331 /* Pods-mongo-c-driver-Private.xcconfig */ = {isa = PBXFileReference; fileEncoding = 4; lastKnownFileType = text.xcconfig; path = "Pods-mongo-c-driver-Private.xcconfig"; sourceTree = "<group>"; };
		5AD53BA21989628700DCA331 /* Pods-mongo-c-driver.xcconfig */ = {isa = PBXFileReference; fileEncoding = 4; lastKnownFileType = text.xcconfig; path = "Pods-mongo-c-driver.xcconfig"; sourceTree = "<group>"; };
		5AD53BA31989628700DCA331 /* Pods-ObjCMongoDB-dummy.m */ = {isa = PBXFileReference; fileEncoding = 4; lastKnownFileType = sourcecode.c.objc; path = "Pods-ObjCMongoDB-dummy.m"; sourceTree = "<group>"; };
		5AD53BA41989628700DCA331 /* Pods-ObjCMongoDB-prefix.pch */ = {isa = PBXFileReference; fileEncoding = 4; lastKnownFileType = sourcecode.c.h; path = "Pods-ObjCMongoDB-prefix.pch"; sourceTree = "<group>"; };
		5AD53BA51989628700DCA331 /* Pods-ObjCMongoDB-Private.xcconfig */ = {isa = PBXFileReference; fileEncoding = 4; lastKnownFileType = text.xcconfig; path = "Pods-ObjCMongoDB-Private.xcconfig"; sourceTree = "<group>"; };
		5AD53BA61989628700DCA331 /* Pods-ObjCMongoDB.xcconfig */ = {isa = PBXFileReference; fileEncoding = 4; lastKnownFileType = text.xcconfig; path = "Pods-ObjCMongoDB.xcconfig"; sourceTree = "<group>"; };
		5AD53BA71989628700DCA331 /* Pods-resources.sh */ = {isa = PBXFileReference; fileEncoding = 4; lastKnownFileType = text.script.sh; path = "Pods-resources.sh"; sourceTree = "<group>"; };
		5AD53BA81989628700DCA331 /* Pods.xcconfig */ = {isa = PBXFileReference; fileEncoding = 4; lastKnownFileType = text.xcconfig; path = Pods.xcconfig; sourceTree = "<group>"; };
		5AD53BA91989628700DCA331 /* Pods.xcodeproj */ = {isa = PBXFileReference; lastKnownFileType = "wrapper.pb-project"; path = Pods.xcodeproj; sourceTree = "<group>"; };
		5AD53BAC1989628700DCA331 /* Settings.bundle */ = {isa = PBXFileReference; lastKnownFileType = "wrapper.plug-in"; path = Settings.bundle; sourceTree = SOURCE_ROOT; };
		5AD53BAD1989628800DCA331 /* test.m */ = {isa = PBXFileReference; fileEncoding = 4; lastKnownFileType = sourcecode.c.objc; path = test.m; sourceTree = SOURCE_ROOT; };
		B535C150330D42858CE0ADA9 /* libPods-aggregate.a */ = {isa = PBXFileReference; explicitFileType = archive.ar; includeInIndex = 0; path = "libPods-aggregate.a"; sourceTree = BUILT_PRODUCTS_DIR; };
		FA24A61D0E864DDCB0A03D3D /* Pods-aggregate.xcconfig */ = {isa = PBXFileReference; includeInIndex = 1; lastKnownFileType = text.xcconfig; name = "Pods-aggregate.xcconfig"; path = "Pods/Pods-aggregate.xcconfig"; sourceTree = "<group>"; };
/* End PBXFileReference section */

/* Begin PBXFrameworksBuildPhase section */
		5A0EA3EC19782F64007353EF /* Frameworks */ = {
			isa = PBXFrameworksBuildPhase;
			buildActionMask = 2147483647;
			files = (
				5A0EA3F519782F64007353EF /* CoreGraphics.framework in Frameworks */,
				5A0EA3F719782F64007353EF /* UIKit.framework in Frameworks */,
				5A0EA3F319782F64007353EF /* Foundation.framework in Frameworks */,
				006D37FDD588483E9FAC9FBF /* libPods-aggregate.a in Frameworks */,
			);
			runOnlyForDeploymentPostprocessing = 0;
		};
		5A0EA40719782F64007353EF /* Frameworks */ = {
			isa = PBXFrameworksBuildPhase;
			buildActionMask = 2147483647;
			files = (
				5A0EA40C19782F64007353EF /* XCTest.framework in Frameworks */,
				5A0EA40E19782F64007353EF /* UIKit.framework in Frameworks */,
				5A0EA40D19782F64007353EF /* Foundation.framework in Frameworks */,
			);
			runOnlyForDeploymentPostprocessing = 0;
		};
/* End PBXFrameworksBuildPhase section */

/* Begin PBXGroup section */
		5A0EA3E619782F64007353EF = {
			isa = PBXGroup;
			children = (
				5A0EA3F819782F64007353EF /* aggregate */,
				5A0EA41119782F64007353EF /* aggregateTests */,
				5A0EA3F119782F64007353EF /* Frameworks */,
				5A0EA3F019782F64007353EF /* Products */,
				FA24A61D0E864DDCB0A03D3D /* Pods-aggregate.xcconfig */,
			);
			sourceTree = "<group>";
		};
		5A0EA3F019782F64007353EF /* Products */ = {
			isa = PBXGroup;
			children = (
				5A0EA3EF19782F64007353EF /* aggregate.app */,
				5A0EA40A19782F64007353EF /* aggregateTests.xctest */,
			);
			name = Products;
			sourceTree = "<group>";
		};
		5A0EA3F119782F64007353EF /* Frameworks */ = {
			isa = PBXGroup;
			children = (
				5A0EA3F219782F64007353EF /* Foundation.framework */,
				5A0EA3F419782F64007353EF /* CoreGraphics.framework */,
				5A0EA3F619782F64007353EF /* UIKit.framework */,
				5A0EA40B19782F64007353EF /* XCTest.framework */,
				B535C150330D42858CE0ADA9 /* libPods-aggregate.a */,
			);
			name = Frameworks;
			sourceTree = "<group>";
		};
		5A0EA3F819782F64007353EF /* aggregate */ = {
			isa = PBXGroup;
			children = (
				5AD5342E1989627B00DCA331 /* jcrew.h */,
				5AD5342F1989627B00DCA331 /* jcrew.m */,
				5AD53AF41989628700DCA331 /* podfile */,
				5AD53AF51989628700DCA331 /* Podfile.lock */,
				5AD53AF61989628700DCA331 /* Pods */,
				5AD53BAC1989628700DCA331 /* Settings.bundle */,
				5AD53BAD1989628800DCA331 /* test.m */,
				5AD534271989625300DCA331 /* Images.xcassets */,
				5AD534241989621100DCA331 /* HomeViewController.h */,
				5AD534251989621100DCA331 /* HomeViewController.m */,
				5AD5341C198961DE00DCA331 /* Main.storyboard */,
				5AD53419198961B800DCA331 /* xyzAppDelegate.h */,
				5AD5341A198961B800DCA331 /* xyzAppDelegate.m */,
				5AD534161989619C00DCA331 /* CategoryCell.h */,
				5AD534171989619C00DCA331 /* CategoryCell.m */,
				5AD5341E198961EF00DCA331 /* MyCollectionView.h */,
				5AD5341F198961EF00DCA331 /* MyCollectionView.m */,
				5AD53420198961EF00DCA331 /* MyCollectionViewController.h */,
				5AD53421198961EF00DCA331 /* MyCollectionViewController.m */,
				5AD525DB197ED48A00DCA331 /* MyCollectionViewCell.h */,
				5AD525DC197ED48A00DCA331 /* MyCollectionViewCell.m */,
				5AD525D3197EC9BE00DCA331 /* tops1.jpg */,
				5AD525D4197EC9BE00DCA331 /* tops2.jpg */,
				5AD525D5197EC9BE00DCA331 /* tops3.jpg */,
				5AD525D6197EC9BE00DCA331 /* tops4.jpg */,
				5AD5236F1979840500DCA331 /* home.png */,
				5AD5236D19797E6B00DCA331 /* viewall.png */,
				5AD5236719796D2F00DCA331 /* hearts.png */,
				5AD5236519796B2700DCA331 /* settings.png */,
				5AD52363197964F700DCA331 /* pants.jpg */,
				5AD5236119785E1000DCA331 /* skirts.jpg */,
				5AD5235F197856B600DCA331 /* dresses.jpg */,
				5AD5235D197851E800DCA331 /* tops.jpg */,
				5A0EA3F919782F64007353EF /* Supporting Files */,
			);
			path = aggregate;
			sourceTree = "<group>";
		};
		5A0EA3F919782F64007353EF /* Supporting Files */ = {
			isa = PBXGroup;
			children = (
				5AD534291989627B00DCA331 /* aggregate-Info.plist */,
				5AD5342A1989627B00DCA331 /* aggregate-Prefix.pch */,
				5AD5342C1989627B00DCA331 /* InfoPlist.strings */,
				5AD534301989627B00DCA331 /* main.m */,
			);
			name = "Supporting Files";
			sourceTree = "<group>";
		};
		5A0EA41119782F64007353EF /* aggregateTests */ = {
			isa = PBXGroup;
			children = (
				5A0EA41719782F64007353EF /* aggregateTests.m */,
				5A0EA41219782F64007353EF /* Supporting Files */,
			);
			path = aggregateTests;
			sourceTree = "<group>";
		};
		5A0EA41219782F64007353EF /* Supporting Files */ = {
			isa = PBXGroup;
			children = (
				5A0EA41319782F64007353EF /* aggregateTests-Info.plist */,
				5A0EA41419782F64007353EF /* InfoPlist.strings */,
			);
			name = "Supporting Files";
			sourceTree = "<group>";
		};
		5AD53AF61989628700DCA331 /* Pods */ = {
			isa = PBXGroup;
			children = (
				5AD53AF71989628700DCA331 /* BuildHeaders */,
				5AD53B1D1989628700DCA331 /* Headers */,
				5AD53B3F1989628700DCA331 /* Manifest.lock */,
				5AD53B401989628700DCA331 /* mongo-c-driver */,
				5AD53B531989628700DCA331 /* ObjCMongoDB */,
				5AD53B8D1989628700DCA331 /* Pods-acknowledgements.markdown */,
				5AD53B8E1989628700DCA331 /* Pods-acknowledgements.plist */,
				5AD53B8F1989628700DCA331 /* Pods-aggregate-acknowledgements.markdown */,
				5AD53B901989628700DCA331 /* Pods-aggregate-acknowledgements.plist */,
				5AD53B911989628700DCA331 /* Pods-aggregate-dummy.m */,
				5AD53B921989628700DCA331 /* Pods-aggregate-environment.h */,
				5AD53B931989628700DCA331 /* Pods-aggregate-mongo-c-driver-dummy.m */,
				5AD53B941989628700DCA331 /* Pods-aggregate-mongo-c-driver-prefix.pch */,
				5AD53B951989628700DCA331 /* Pods-aggregate-mongo-c-driver-Private.xcconfig */,
				5AD53B961989628700DCA331 /* Pods-aggregate-mongo-c-driver.xcconfig */,
				5AD53B971989628700DCA331 /* Pods-aggregate-ObjCMongoDB-dummy.m */,
				5AD53B981989628700DCA331 /* Pods-aggregate-ObjCMongoDB-prefix.pch */,
				5AD53B991989628700DCA331 /* Pods-aggregate-ObjCMongoDB-Private.xcconfig */,
				5AD53B9A1989628700DCA331 /* Pods-aggregate-ObjCMongoDB.xcconfig */,
				5AD53B9B1989628700DCA331 /* Pods-aggregate-resources.sh */,
				5AD53B9C1989628700DCA331 /* Pods-aggregate.xcconfig */,
				5AD53B9D1989628700DCA331 /* Pods-dummy.m */,
				5AD53B9E1989628700DCA331 /* Pods-environment.h */,
				5AD53B9F1989628700DCA331 /* Pods-mongo-c-driver-dummy.m */,
				5AD53BA01989628700DCA331 /* Pods-mongo-c-driver-prefix.pch */,
				5AD53BA11989628700DCA331 /* Pods-mongo-c-driver-Private.xcconfig */,
				5AD53BA21989628700DCA331 /* Pods-mongo-c-driver.xcconfig */,
				5AD53BA31989628700DCA331 /* Pods-ObjCMongoDB-dummy.m */,
				5AD53BA41989628700DCA331 /* Pods-ObjCMongoDB-prefix.pch */,
				5AD53BA51989628700DCA331 /* Pods-ObjCMongoDB-Private.xcconfig */,
				5AD53BA61989628700DCA331 /* Pods-ObjCMongoDB.xcconfig */,
				5AD53BA71989628700DCA331 /* Pods-resources.sh */,
				5AD53BA81989628700DCA331 /* Pods.xcconfig */,
				5AD53BA91989628700DCA331 /* Pods.xcodeproj */,
			);
			path = Pods;
			sourceTree = SOURCE_ROOT;
		};
		5AD53AF71989628700DCA331 /* BuildHeaders */ = {
			isa = PBXGroup;
			children = (
				5AD53AF81989628700DCA331 /* mongo-c-driver */,
				5AD53B001989628700DCA331 /* ObjCMongoDB */,
			);
			path = BuildHeaders;
			sourceTree = "<group>";
		};
		5AD53AF81989628700DCA331 /* mongo-c-driver */ = {
			isa = PBXGroup;
			children = (
				5AD53AF91989628700DCA331 /* bcon.h */,
				5AD53AFA1989628700DCA331 /* bson.h */,
				5AD53AFB1989628700DCA331 /* encoding.h */,
				5AD53AFC1989628700DCA331 /* env.h */,
				5AD53AFD1989628700DCA331 /* gridfs.h */,
				5AD53AFE1989628700DCA331 /* md5.h */,
				5AD53AFF1989628700DCA331 /* mongo.h */,
			);
			path = "mongo-c-driver";
			sourceTree = "<group>";
		};
		5AD53B001989628700DCA331 /* ObjCMongoDB */ = {
			isa = PBXGroup;
			children = (
				5AD53B011989628700DCA331 /* BSON_Helper.h */,
				5AD53B021989628700DCA331 /* BSON_PrivateInterfaces.h */,
				5AD53B031989628700DCA331 /* BSONCoding.h */,
				5AD53B041989628700DCA331 /* BSONDecoder.h */,
				5AD53B051989628700DCA331 /* BSONDocument.h */,
				5AD53B061989628700DCA331 /* BSONEncoder.h */,
				5AD53B071989628700DCA331 /* BSONIterator.h */,
				5AD53B081989628700DCA331 /* BSONTypes.h */,
				5AD53B091989628700DCA331 /* Mongo_Helper.h */,
				5AD53B0A1989628700DCA331 /* Mongo_PrivateInterfaces.h */,
				5AD53B0B1989628700DCA331 /* MongoConnection+Diagnostics.h */,
				5AD53B0C1989628700DCA331 /* MongoConnection.h */,
				5AD53B0D1989628700DCA331 /* MongoCursor.h */,
				5AD53B0E1989628700DCA331 /* MongoDBCollection.h */,
				5AD53B0F1989628700DCA331 /* MongoFindRequest.h */,
				5AD53B101989628700DCA331 /* MongoKeyedPredicate.h */,
				5AD53B111989628700DCA331 /* MongoPredicate.h */,
				5AD53B121989628700DCA331 /* MongoTypes.h */,
				5AD53B131989628700DCA331 /* MongoUpdateRequest.h */,
				5AD53B141989628700DCA331 /* MongoWriteConcern.h */,
				5AD53B151989628700DCA331 /* NSArray+MongoAdditions.h */,
				5AD53B161989628700DCA331 /* NSData+BSONAdditions.h */,
				5AD53B171989628700DCA331 /* NSDictionary+BSONAdditions.h */,
				5AD53B181989628700DCA331 /* NSManagedObject+BSONCoding.h */,
				5AD53B191989628700DCA331 /* NSString+BSONAdditions.h */,
				5AD53B1A1989628700DCA331 /* ObjCBSON.h */,
				5AD53B1B1989628700DCA331 /* ObjCMongoDB.h */,
				5AD53B1C1989628700DCA331 /* OrderedDictionary.h */,
			);
			path = ObjCMongoDB;
			sourceTree = "<group>";
		};
		5AD53B1D1989628700DCA331 /* Headers */ = {
			isa = PBXGroup;
			children = (
				5AD53B1E1989628700DCA331 /* mongo-c-driver */,
				5AD53B261989628700DCA331 /* ObjCMongoDB */,
			);
			path = Headers;
			sourceTree = "<group>";
		};
		5AD53B1E1989628700DCA331 /* mongo-c-driver */ = {
			isa = PBXGroup;
			children = (
				5AD53B1F1989628700DCA331 /* bcon.h */,
				5AD53B201989628700DCA331 /* bson.h */,
				5AD53B211989628700DCA331 /* encoding.h */,
				5AD53B221989628700DCA331 /* env.h */,
				5AD53B231989628700DCA331 /* gridfs.h */,
				5AD53B241989628700DCA331 /* md5.h */,
				5AD53B251989628700DCA331 /* mongo.h */,
			);
			path = "mongo-c-driver";
			sourceTree = "<group>";
		};
		5AD53B261989628700DCA331 /* ObjCMongoDB */ = {
			isa = PBXGroup;
			children = (
				5AD53B271989628700DCA331 /* BSONCoding.h */,
				5AD53B281989628700DCA331 /* BSONDecoder.h */,
				5AD53B291989628700DCA331 /* BSONDocument.h */,
				5AD53B2A1989628700DCA331 /* BSONEncoder.h */,
				5AD53B2B1989628700DCA331 /* BSONIterator.h */,
				5AD53B2C1989628700DCA331 /* BSONTypes.h */,
				5AD53B2D1989628700DCA331 /* MongoConnection+Diagnostics.h */,
				5AD53B2E1989628700DCA331 /* MongoConnection.h */,
				5AD53B2F1989628700DCA331 /* MongoCursor.h */,
				5AD53B301989628700DCA331 /* MongoDBCollection.h */,
				5AD53B311989628700DCA331 /* MongoFindRequest.h */,
				5AD53B321989628700DCA331 /* MongoKeyedPredicate.h */,
				5AD53B331989628700DCA331 /* MongoPredicate.h */,
				5AD53B341989628700DCA331 /* MongoTypes.h */,
				5AD53B351989628700DCA331 /* MongoUpdateRequest.h */,
				5AD53B361989628700DCA331 /* MongoWriteConcern.h */,
				5AD53B371989628700DCA331 /* NSArray+MongoAdditions.h */,
				5AD53B381989628700DCA331 /* NSData+BSONAdditions.h */,
				5AD53B391989628700DCA331 /* NSDictionary+BSONAdditions.h */,
				5AD53B3A1989628700DCA331 /* NSManagedObject+BSONCoding.h */,
				5AD53B3B1989628700DCA331 /* NSString+BSONAdditions.h */,
				5AD53B3C1989628700DCA331 /* ObjCBSON.h */,
				5AD53B3D1989628700DCA331 /* ObjCMongoDB.h */,
				5AD53B3E1989628700DCA331 /* OrderedDictionary.h */,
			);
			path = ObjCMongoDB;
			sourceTree = "<group>";
		};
		5AD53B401989628700DCA331 /* mongo-c-driver */ = {
			isa = PBXGroup;
			children = (
				5AD53B411989628700DCA331 /* LICENSE */,
				5AD53B421989628700DCA331 /* README.md */,
				5AD53B431989628700DCA331 /* src */,
			);
			path = "mongo-c-driver";
			sourceTree = "<group>";
		};
		5AD53B431989628700DCA331 /* src */ = {
			isa = PBXGroup;
			children = (
				5AD53B441989628700DCA331 /* bcon.c */,
				5AD53B451989628700DCA331 /* bcon.h */,
				5AD53B461989628700DCA331 /* bson.c */,
				5AD53B471989628700DCA331 /* bson.h */,
				5AD53B481989628700DCA331 /* encoding.c */,
				5AD53B491989628700DCA331 /* encoding.h */,
				5AD53B4A1989628700DCA331 /* env.c */,
				5AD53B4B1989628700DCA331 /* env.h */,
				5AD53B4C1989628700DCA331 /* gridfs.c */,
				5AD53B4D1989628700DCA331 /* gridfs.h */,
				5AD53B4E1989628700DCA331 /* md5.c */,
				5AD53B4F1989628700DCA331 /* md5.h */,
				5AD53B501989628700DCA331 /* mongo.c */,
				5AD53B511989628700DCA331 /* mongo.h */,
				5AD53B521989628700DCA331 /* numbers.c */,
			);
			path = src;
			sourceTree = "<group>";
		};
		5AD53B531989628700DCA331 /* ObjCMongoDB */ = {
			isa = PBXGroup;
			children = (
				5AD53B541989628700DCA331 /* BSON */,
				5AD53B6D1989628700DCA331 /* LICENSE */,
				5AD53B6E1989628700DCA331 /* Mongo */,
				5AD53B891989628700DCA331 /* OrderedDictionary */,
				5AD53B8C1989628700DCA331 /* README.md */,
			);
			path = ObjCMongoDB;
			sourceTree = "<group>";
		};
		5AD53B541989628700DCA331 /* BSON */ = {
			isa = PBXGroup;
			children = (
				5AD53B551989628700DCA331 /* BSON_Helper.h */,
				5AD53B561989628700DCA331 /* BSON_Helper.m */,
				5AD53B571989628700DCA331 /* BSON_PrivateInterfaces.h */,
				5AD53B581989628700DCA331 /* BSONCoding.h */,
				5AD53B591989628700DCA331 /* BSONDecoder.h */,
				5AD53B5A1989628700DCA331 /* BSONDecoder.m */,
				5AD53B5B1989628700DCA331 /* BSONDocument.h */,
				5AD53B5C1989628700DCA331 /* BSONDocument.m */,
				5AD53B5D1989628700DCA331 /* BSONEncoder.h */,
				5AD53B5E1989628700DCA331 /* BSONEncoder.m */,
				5AD53B5F1989628700DCA331 /* BSONIterator.h */,
				5AD53B601989628700DCA331 /* BSONIterator.m */,
				5AD53B611989628700DCA331 /* BSONTypes.h */,
				5AD53B621989628700DCA331 /* BSONTypes.m */,
				5AD53B631989628700DCA331 /* NSData+BSONAdditions.h */,
				5AD53B641989628700DCA331 /* NSData+BSONAdditions.m */,
				5AD53B651989628700DCA331 /* NSDictionary+BSONAdditions.h */,
				5AD53B661989628700DCA331 /* NSDictionary+BSONAdditions.m */,
				5AD53B671989628700DCA331 /* NSManagedObject+BSONCoding.h */,
				5AD53B681989628700DCA331 /* NSManagedObject+BSONCoding.m */,
				5AD53B691989628700DCA331 /* NSString+BSONAdditions.h */,
				5AD53B6A1989628700DCA331 /* NSString+BSONAdditions.m */,
				5AD53B6B1989628700DCA331 /* ObjCBSON.h */,
				5AD53B6C1989628700DCA331 /* ObjCBSON.m */,
			);
			path = BSON;
			sourceTree = "<group>";
		};
		5AD53B6E1989628700DCA331 /* Mongo */ = {
			isa = PBXGroup;
			children = (
				5AD53B6F1989628700DCA331 /* Mongo_Helper.h */,
				5AD53B701989628700DCA331 /* Mongo_Helper.m */,
				5AD53B711989628700DCA331 /* Mongo_PrivateInterfaces.h */,
				5AD53B721989628700DCA331 /* MongoConnection+Diagnostics.h */,
				5AD53B731989628700DCA331 /* MongoConnection+Diagnostics.m */,
				5AD53B741989628700DCA331 /* MongoConnection.h */,
				5AD53B751989628700DCA331 /* MongoConnection.m */,
				5AD53B761989628700DCA331 /* MongoCursor.h */,
				5AD53B771989628700DCA331 /* MongoCursor.m */,
				5AD53B781989628700DCA331 /* MongoDBCollection.h */,
				5AD53B791989628700DCA331 /* MongoDBCollection.m */,
				5AD53B7A1989628700DCA331 /* MongoFindRequest.h */,
				5AD53B7B1989628700DCA331 /* MongoFindRequest.m */,
				5AD53B7C1989628700DCA331 /* MongoKeyedPredicate.h */,
				5AD53B7D1989628700DCA331 /* MongoKeyedPredicate.m */,
				5AD53B7E1989628700DCA331 /* MongoPredicate.h */,
				5AD53B7F1989628700DCA331 /* MongoPredicate.m */,
				5AD53B801989628700DCA331 /* MongoTypes.h */,
				5AD53B811989628700DCA331 /* MongoTypes.m */,
				5AD53B821989628700DCA331 /* MongoUpdateRequest.h */,
				5AD53B831989628700DCA331 /* MongoUpdateRequest.m */,
				5AD53B841989628700DCA331 /* MongoWriteConcern.h */,
				5AD53B851989628700DCA331 /* MongoWriteConcern.m */,
				5AD53B861989628700DCA331 /* NSArray+MongoAdditions.h */,
				5AD53B871989628700DCA331 /* NSArray+MongoAdditions.m */,
				5AD53B881989628700DCA331 /* ObjCMongoDB.h */,
			);
			path = Mongo;
			sourceTree = "<group>";
		};
		5AD53B891989628700DCA331 /* OrderedDictionary */ = {
			isa = PBXGroup;
			children = (
				5AD53B8A1989628700DCA331 /* OrderedDictionary.h */,
				5AD53B8B1989628700DCA331 /* OrderedDictionary.m */,
			);
			path = OrderedDictionary;
			sourceTree = "<group>";
		};
		5AD53BAA1989628700DCA331 /* Products */ = {
			isa = PBXGroup;
			children = (
				5AD542341989628A00DCA331 /* libPods-aggregate.a */,
				5AD542361989628A00DCA331 /* libPods-aggregate-ObjCMongoDB.a */,
				5AD542381989628A00DCA331 /* libPods-aggregate-mongo-c-driver.a */,
			);
			name = Products;
			sourceTree = "<group>";
		};
/* End PBXGroup section */

/* Begin PBXNativeTarget section */
		5A0EA3EE19782F64007353EF /* aggregate */ = {
			isa = PBXNativeTarget;
			buildConfigurationList = 5A0EA41B19782F64007353EF /* Build configuration list for PBXNativeTarget "aggregate" */;
			buildPhases = (
				BEB2AF1AC3544210A5E7E192 /* Check Pods Manifest.lock */,
				5A0EA3EB19782F64007353EF /* Sources */,
				5A0EA3EC19782F64007353EF /* Frameworks */,
				5A0EA3ED19782F64007353EF /* Resources */,
				45B418FEFC9D43D6993432F8 /* Copy Pods Resources */,
			);
			buildRules = (
			);
			dependencies = (
			);
			name = aggregate;
			productName = aggregate;
			productReference = 5A0EA3EF19782F64007353EF /* aggregate.app */;
			productType = "com.apple.product-type.application";
		};
		5A0EA40919782F64007353EF /* aggregateTests */ = {
			isa = PBXNativeTarget;
			buildConfigurationList = 5A0EA41E19782F64007353EF /* Build configuration list for PBXNativeTarget "aggregateTests" */;
			buildPhases = (
				5A0EA40619782F64007353EF /* Sources */,
				5A0EA40719782F64007353EF /* Frameworks */,
				5A0EA40819782F64007353EF /* Resources */,
			);
			buildRules = (
			);
			dependencies = (
				5A0EA41019782F64007353EF /* PBXTargetDependency */,
			);
			name = aggregateTests;
			productName = aggregateTests;
			productReference = 5A0EA40A19782F64007353EF /* aggregateTests.xctest */;
			productType = "com.apple.product-type.bundle.unit-test";
		};
/* End PBXNativeTarget section */

/* Begin PBXProject section */
		5A0EA3E719782F64007353EF /* Project object */ = {
			isa = PBXProject;
			attributes = {
				CLASSPREFIX = xyz;
				LastUpgradeCheck = 0510;
				ORGANIZATIONNAME = Gilt;
				TargetAttributes = {
					5A0EA3EE19782F64007353EF = {
						DevelopmentTeam = 5M6Y4E4JYS;
					};
					5A0EA40919782F64007353EF = {
						TestTargetID = 5A0EA3EE19782F64007353EF;
					};
				};
			};
			buildConfigurationList = 5A0EA3EA19782F64007353EF /* Build configuration list for PBXProject "aggregate" */;
			compatibilityVersion = "Xcode 3.2";
			developmentRegion = English;
			hasScannedForEncodings = 0;
			knownRegions = (
				en,
				English,
			);
			mainGroup = 5A0EA3E619782F64007353EF;
			productRefGroup = 5A0EA3F019782F64007353EF /* Products */;
			projectDirPath = "";
			projectReferences = (
				{
					ProductGroup = 5AD53BAA1989628700DCA331 /* Products */;
					ProjectRef = 5AD53BA91989628700DCA331 /* Pods.xcodeproj */;
				},
			);
			projectRoot = "";
			targets = (
				5A0EA3EE19782F64007353EF /* aggregate */,
				5A0EA40919782F64007353EF /* aggregateTests */,
			);
		};
/* End PBXProject section */

/* Begin PBXReferenceProxy section */
		5AD542341989628A00DCA331 /* libPods-aggregate.a */ = {
			isa = PBXReferenceProxy;
			fileType = archive.ar;
			path = "libPods-aggregate.a";
			remoteRef = 5AD542331989628A00DCA331 /* PBXContainerItemProxy */;
			sourceTree = BUILT_PRODUCTS_DIR;
		};
		5AD542361989628A00DCA331 /* libPods-aggregate-ObjCMongoDB.a */ = {
			isa = PBXReferenceProxy;
			fileType = archive.ar;
			path = "libPods-aggregate-ObjCMongoDB.a";
			remoteRef = 5AD542351989628A00DCA331 /* PBXContainerItemProxy */;
			sourceTree = BUILT_PRODUCTS_DIR;
		};
		5AD542381989628A00DCA331 /* libPods-aggregate-mongo-c-driver.a */ = {
			isa = PBXReferenceProxy;
			fileType = archive.ar;
			path = "libPods-aggregate-mongo-c-driver.a";
			remoteRef = 5AD542371989628A00DCA331 /* PBXContainerItemProxy */;
			sourceTree = BUILT_PRODUCTS_DIR;
		};
/* End PBXReferenceProxy section */

/* Begin PBXResourcesBuildPhase section */
		5A0EA3ED19782F64007353EF /* Resources */ = {
			isa = PBXResourcesBuildPhase;
			buildActionMask = 2147483647;
			files = (
				5AD5236619796B2700DCA331 /* settings.png in Resources */,
				5AD541F11989628900DCA331 /* podfile in Resources */,
				5AD5421E1989628900DCA331 /* Pods-aggregate-mongo-c-driver-Private.xcconfig in Resources */,
				5AD5422E1989628900DCA331 /* Settings.bundle in Resources */,
				5AD542211989628900DCA331 /* Pods-aggregate-ObjCMongoDB-Private.xcconfig in Resources */,
				5AD525DA197EC9BE00DCA331 /* tops4.jpg in Resources */,
				5AD542171989628900DCA331 /* README.md in Resources */,
				5AD523701979840500DCA331 /* home.png in Resources */,
				5AD5235E197851E800DCA331 /* tops.jpg in Resources */,
				5AD542221989628900DCA331 /* Pods-aggregate-ObjCMongoDB.xcconfig in Resources */,
				5AD5422A1989628900DCA331 /* Pods-ObjCMongoDB-Private.xcconfig in Resources */,
				5AD541F51989628900DCA331 /* README.md in Resources */,
				5AD525D8197EC9BE00DCA331 /* tops2.jpg in Resources */,
				5AD542181989628900DCA331 /* Pods-acknowledgements.markdown in Resources */,
				5AD5421B1989628900DCA331 /* Pods-aggregate-acknowledgements.plist in Resources */,
				5AD542091989628900DCA331 /* LICENSE in Resources */,
				5AD53BAE1989628800DCA331 /* aggregate-Info.plist in Resources */,
				5AD542271989628900DCA331 /* Pods-mongo-c-driver-Private.xcconfig in Resources */,
				5AD5421F1989628900DCA331 /* Pods-aggregate-mongo-c-driver.xcconfig in Resources */,
				5AD534281989625300DCA331 /* Images.xcassets in Resources */,
				5AD542191989628900DCA331 /* Pods-acknowledgements.plist in Resources */,
				5AD5422C1989628900DCA331 /* Pods-resources.sh in Resources */,
				5AD542241989628900DCA331 /* Pods-aggregate.xcconfig in Resources */,
				5AD5422D1989628900DCA331 /* Pods.xcconfig in Resources */,
				5AD5341D198961DE00DCA331 /* Main.storyboard in Resources */,
				5AD542231989628900DCA331 /* Pods-aggregate-resources.sh in Resources */,
				5AD541F41989628900DCA331 /* LICENSE in Resources */,
				5AD541F21989628900DCA331 /* Podfile.lock in Resources */,
				5AD541F31989628900DCA331 /* Manifest.lock in Resources */,
				5AD5236219785E1000DCA331 /* skirts.jpg in Resources */,
				5AD52364197964F700DCA331 /* pants.jpg in Resources */,
				5AD5422B1989628900DCA331 /* Pods-ObjCMongoDB.xcconfig in Resources */,
				5AD53BAF1989628800DCA331 /* InfoPlist.strings in Resources */,
				5AD542281989628900DCA331 /* Pods-mongo-c-driver.xcconfig in Resources */,
				5AD5236E19797E6B00DCA331 /* viewall.png in Resources */,
				5AD525D9197EC9BE00DCA331 /* tops3.jpg in Resources */,
				5AD5421A1989628900DCA331 /* Pods-aggregate-acknowledgements.markdown in Resources */,
				5AD52360197856B600DCA331 /* dresses.jpg in Resources */,
				5AD5236819796D2F00DCA331 /* hearts.png in Resources */,
				5AD525D7197EC9BE00DCA331 /* tops1.jpg in Resources */,
			);
			runOnlyForDeploymentPostprocessing = 0;
		};
		5A0EA40819782F64007353EF /* Resources */ = {
			isa = PBXResourcesBuildPhase;
			buildActionMask = 2147483647;
			files = (
				5A0EA41619782F64007353EF /* InfoPlist.strings in Resources */,
			);
			runOnlyForDeploymentPostprocessing = 0;
		};
/* End PBXResourcesBuildPhase section */

/* Begin PBXShellScriptBuildPhase section */
		45B418FEFC9D43D6993432F8 /* Copy Pods Resources */ = {
			isa = PBXShellScriptBuildPhase;
			buildActionMask = 2147483647;
			files = (
			);
			inputPaths = (
			);
			name = "Copy Pods Resources";
			outputPaths = (
			);
			runOnlyForDeploymentPostprocessing = 0;
			shellPath = /bin/sh;
			shellScript = "\"${SRCROOT}/Pods/Pods-aggregate-resources.sh\"\n";
			showEnvVarsInLog = 0;
		};
		BEB2AF1AC3544210A5E7E192 /* Check Pods Manifest.lock */ = {
			isa = PBXShellScriptBuildPhase;
			buildActionMask = 2147483647;
			files = (
			);
			inputPaths = (
			);
			name = "Check Pods Manifest.lock";
			outputPaths = (
			);
			runOnlyForDeploymentPostprocessing = 0;
			shellPath = /bin/sh;
			shellScript = "diff \"${PODS_ROOT}/../Podfile.lock\" \"${PODS_ROOT}/Manifest.lock\" > /dev/null\nif [[ $? != 0 ]] ; then\n    cat << EOM\nerror: The sandbox is not in sync with the Podfile.lock. Run 'pod install' or update your CocoaPods installation.\nEOM\n    exit 1\nfi\n";
			showEnvVarsInLog = 0;
		};
/* End PBXShellScriptBuildPhase section */

/* Begin PBXSourcesBuildPhase section */
		5A0EA3EB19782F64007353EF /* Sources */ = {
			isa = PBXSourcesBuildPhase;
			buildActionMask = 2147483647;
			files = (
				5AD5420C1989628900DCA331 /* MongoConnection.m in Sources */,
				5AD5421D1989628900DCA331 /* Pods-aggregate-mongo-c-driver-dummy.m in Sources */,
				5AD542081989628900DCA331 /* ObjCBSON.m in Sources */,
				5AD53BB11989628800DCA331 /* main.m in Sources */,
				5AD542001989628900DCA331 /* BSONDocument.m in Sources */,
				5AD542101989628900DCA331 /* MongoKeyedPredicate.m in Sources */,
				309EB6FD1981804F00A6E534 /* MyCollectionViewCell.h in Sources */,
				5AD542031989628900DCA331 /* BSONTypes.m in Sources */,
				5AD542041989628900DCA331 /* NSData+BSONAdditions.m in Sources */,
				5AD541F91989628900DCA331 /* env.c in Sources */,
				5AD53423198961EF00DCA331 /* MyCollectionViewController.m in Sources */,
				5AD5420B1989628900DCA331 /* MongoConnection+Diagnostics.m in Sources */,
				5AD53422198961EF00DCA331 /* MyCollectionView.m in Sources */,
				5AD541F61989628900DCA331 /* bcon.c in Sources */,
				5AD541FA1989628900DCA331 /* gridfs.c in Sources */,
				5AD5420F1989628900DCA331 /* MongoFindRequest.m in Sources */,
				5AD5420D1989628900DCA331 /* MongoCursor.m in Sources */,
				5AD5420A1989628900DCA331 /* Mongo_Helper.m in Sources */,
				5AD542151989628900DCA331 /* NSArray+MongoAdditions.m in Sources */,
				5AD53BB01989628800DCA331 /* jcrew.m in Sources */,
				5AD541FC1989628900DCA331 /* mongo.c in Sources */,
				5AD541F81989628900DCA331 /* encoding.c in Sources */,
				5AD542161989628900DCA331 /* OrderedDictionary.m in Sources */,
				5AD542201989628900DCA331 /* Pods-aggregate-ObjCMongoDB-dummy.m in Sources */,
				5AD542261989628900DCA331 /* Pods-mongo-c-driver-dummy.m in Sources */,
				5AD542131989628900DCA331 /* MongoUpdateRequest.m in Sources */,
				5AD5341B198961B800DCA331 /* xyzAppDelegate.m in Sources */,
				5AD541FD1989628900DCA331 /* numbers.c in Sources */,
				5AD541FB1989628900DCA331 /* md5.c in Sources */,
				5AD5420E1989628900DCA331 /* MongoDBCollection.m in Sources */,
				5AD542071989628900DCA331 /* NSString+BSONAdditions.m in Sources */,
				5AD525DD197ED48A00DCA331 /* MyCollectionViewCell.m in Sources */,
				5AD542251989628900DCA331 /* Pods-dummy.m in Sources */,
				5AD542291989628900DCA331 /* Pods-ObjCMongoDB-dummy.m in Sources */,
				5AD534181989619C00DCA331 /* CategoryCell.m in Sources */,
				5AD5421C1989628900DCA331 /* Pods-aggregate-dummy.m in Sources */,
				5AD542051989628900DCA331 /* NSDictionary+BSONAdditions.m in Sources */,
				5AD542121989628900DCA331 /* MongoTypes.m in Sources */,
				5AD5422F1989628900DCA331 /* test.m in Sources */,
				5AD534261989621100DCA331 /* HomeViewController.m in Sources */,
				5AD542061989628900DCA331 /* NSManagedObject+BSONCoding.m in Sources */,
				5AD542021989628900DCA331 /* BSONIterator.m in Sources */,
				5AD542111989628900DCA331 /* MongoPredicate.m in Sources */,
				5AD542011989628900DCA331 /* BSONEncoder.m in Sources */,
				5AD542141989628900DCA331 /* MongoWriteConcern.m in Sources */,
				5AD541FF1989628900DCA331 /* BSONDecoder.m in Sources */,
				5AD541FE1989628900DCA331 /* BSON_Helper.m in Sources */,
				5AD541F71989628900DCA331 /* bson.c in Sources */,
			);
			runOnlyForDeploymentPostprocessing = 0;
		};
		5A0EA40619782F64007353EF /* Sources */ = {
			isa = PBXSourcesBuildPhase;
			buildActionMask = 2147483647;
			files = (
				5A0EA41819782F64007353EF /* aggregateTests.m in Sources */,
			);
			runOnlyForDeploymentPostprocessing = 0;
		};
/* End PBXSourcesBuildPhase section */

/* Begin PBXTargetDependency section */
		5A0EA41019782F64007353EF /* PBXTargetDependency */ = {
			isa = PBXTargetDependency;
			target = 5A0EA3EE19782F64007353EF /* aggregate */;
			targetProxy = 5A0EA40F19782F64007353EF /* PBXContainerItemProxy */;
		};
/* End PBXTargetDependency section */

/* Begin PBXVariantGroup section */
		5A0EA41419782F64007353EF /* InfoPlist.strings */ = {
			isa = PBXVariantGroup;
			children = (
				5A0EA41519782F64007353EF /* en */,
			);
			name = InfoPlist.strings;
			sourceTree = "<group>";
		};
		5AD5342C1989627B00DCA331 /* InfoPlist.strings */ = {
			isa = PBXVariantGroup;
			children = (
				5AD5342D1989627B00DCA331 /* en */,
			);
			name = InfoPlist.strings;
			path = ../en.lproj;
			sourceTree = "<group>";
		};
/* End PBXVariantGroup section */

/* Begin XCBuildConfiguration section */
		5A0EA41919782F64007353EF /* Debug */ = {
			isa = XCBuildConfiguration;
			buildSettings = {
				ALWAYS_SEARCH_USER_PATHS = NO;
				CLANG_CXX_LANGUAGE_STANDARD = "gnu++0x";
				CLANG_CXX_LIBRARY = "libc++";
				CLANG_ENABLE_MODULES = YES;
				CLANG_ENABLE_OBJC_ARC = YES;
				CLANG_WARN_BOOL_CONVERSION = YES;
				CLANG_WARN_CONSTANT_CONVERSION = YES;
				CLANG_WARN_DIRECT_OBJC_ISA_USAGE = YES_ERROR;
				CLANG_WARN_EMPTY_BODY = YES;
				CLANG_WARN_ENUM_CONVERSION = YES;
				CLANG_WARN_INT_CONVERSION = YES;
				CLANG_WARN_OBJC_ROOT_CLASS = YES_ERROR;
				CLANG_WARN__DUPLICATE_METHOD_MATCH = YES;
				"CODE_SIGN_IDENTITY[sdk=iphoneos*]" = "iPhone Developer";
				COPY_PHASE_STRIP = NO;
				GCC_C_LANGUAGE_STANDARD = gnu99;
				GCC_DYNAMIC_NO_PIC = NO;
				GCC_OPTIMIZATION_LEVEL = 0;
				GCC_PREPROCESSOR_DEFINITIONS = (
					"DEBUG=1",
					"$(inherited)",
				);
				GCC_SYMBOLS_PRIVATE_EXTERN = NO;
				GCC_WARN_64_TO_32_BIT_CONVERSION = YES;
				GCC_WARN_ABOUT_RETURN_TYPE = YES_ERROR;
				GCC_WARN_UNDECLARED_SELECTOR = YES;
				GCC_WARN_UNINITIALIZED_AUTOS = YES_AGGRESSIVE;
				GCC_WARN_UNUSED_FUNCTION = YES;
				GCC_WARN_UNUSED_VARIABLE = YES;
				IPHONEOS_DEPLOYMENT_TARGET = 7.1;
				ONLY_ACTIVE_ARCH = YES;
				SDKROOT = iphoneos;
			};
			name = Debug;
		};
		5A0EA41A19782F64007353EF /* Release */ = {
			isa = XCBuildConfiguration;
			buildSettings = {
				ALWAYS_SEARCH_USER_PATHS = NO;
				CLANG_CXX_LANGUAGE_STANDARD = "gnu++0x";
				CLANG_CXX_LIBRARY = "libc++";
				CLANG_ENABLE_MODULES = YES;
				CLANG_ENABLE_OBJC_ARC = YES;
				CLANG_WARN_BOOL_CONVERSION = YES;
				CLANG_WARN_CONSTANT_CONVERSION = YES;
				CLANG_WARN_DIRECT_OBJC_ISA_USAGE = YES_ERROR;
				CLANG_WARN_EMPTY_BODY = YES;
				CLANG_WARN_ENUM_CONVERSION = YES;
				CLANG_WARN_INT_CONVERSION = YES;
				CLANG_WARN_OBJC_ROOT_CLASS = YES_ERROR;
				CLANG_WARN__DUPLICATE_METHOD_MATCH = YES;
				"CODE_SIGN_IDENTITY[sdk=iphoneos*]" = "iPhone Developer";
				COPY_PHASE_STRIP = YES;
				ENABLE_NS_ASSERTIONS = NO;
				GCC_C_LANGUAGE_STANDARD = gnu99;
				GCC_WARN_64_TO_32_BIT_CONVERSION = YES;
				GCC_WARN_ABOUT_RETURN_TYPE = YES_ERROR;
				GCC_WARN_UNDECLARED_SELECTOR = YES;
				GCC_WARN_UNINITIALIZED_AUTOS = YES_AGGRESSIVE;
				GCC_WARN_UNUSED_FUNCTION = YES;
				GCC_WARN_UNUSED_VARIABLE = YES;
				IPHONEOS_DEPLOYMENT_TARGET = 7.1;
				SDKROOT = iphoneos;
				VALIDATE_PRODUCT = YES;
			};
			name = Release;
		};
		5A0EA41C19782F64007353EF /* Debug */ = {
			isa = XCBuildConfiguration;
			baseConfigurationReference = FA24A61D0E864DDCB0A03D3D /* Pods-aggregate.xcconfig */;
			buildSettings = {
				ASSETCATALOG_COMPILER_APPICON_NAME = AppIcon;
				ASSETCATALOG_COMPILER_LAUNCHIMAGE_NAME = LaunchImage;
				CODE_SIGN_IDENTITY = "iPhone Developer";
				GCC_PRECOMPILE_PREFIX_HEADER = YES;
				GCC_PREFIX_HEADER = "aggregate/aggregate-Prefix.pch";
				INFOPLIST_FILE = "aggregate/aggregate-Info.plist";
				PRODUCT_NAME = "$(TARGET_NAME)";
				TARGETED_DEVICE_FAMILY = 1;
				WRAPPER_EXTENSION = app;
			};
			name = Debug;
		};
		5A0EA41D19782F64007353EF /* Release */ = {
			isa = XCBuildConfiguration;
			baseConfigurationReference = FA24A61D0E864DDCB0A03D3D /* Pods-aggregate.xcconfig */;
			buildSettings = {
				ASSETCATALOG_COMPILER_APPICON_NAME = AppIcon;
				ASSETCATALOG_COMPILER_LAUNCHIMAGE_NAME = LaunchImage;
				CODE_SIGN_IDENTITY = "iPhone Developer";
				GCC_PRECOMPILE_PREFIX_HEADER = YES;
				GCC_PREFIX_HEADER = "aggregate/aggregate-Prefix.pch";
				INFOPLIST_FILE = "aggregate/aggregate-Info.plist";
				PRODUCT_NAME = "$(TARGET_NAME)";
				TARGETED_DEVICE_FAMILY = 1;
				WRAPPER_EXTENSION = app;
			};
			name = Release;
		};
		5A0EA41F19782F64007353EF /* Debug */ = {
			isa = XCBuildConfiguration;
			buildSettings = {
				BUNDLE_LOADER = "$(BUILT_PRODUCTS_DIR)/aggregate.app/aggregate";
				FRAMEWORK_SEARCH_PATHS = (
					"$(SDKROOT)/Developer/Library/Frameworks",
					"$(inherited)",
					"$(DEVELOPER_FRAMEWORKS_DIR)",
				);
				GCC_PRECOMPILE_PREFIX_HEADER = YES;
				GCC_PREFIX_HEADER = "aggregate/aggregate-Prefix.pch";
				GCC_PREPROCESSOR_DEFINITIONS = (
					"DEBUG=1",
					"$(inherited)",
				);
				INFOPLIST_FILE = "aggregateTests/aggregateTests-Info.plist";
				PRODUCT_NAME = "$(TARGET_NAME)";
				TEST_HOST = "$(BUNDLE_LOADER)";
				WRAPPER_EXTENSION = xctest;
			};
			name = Debug;
		};
		5A0EA42019782F64007353EF /* Release */ = {
			isa = XCBuildConfiguration;
			buildSettings = {
				BUNDLE_LOADER = "$(BUILT_PRODUCTS_DIR)/aggregate.app/aggregate";
				FRAMEWORK_SEARCH_PATHS = (
					"$(SDKROOT)/Developer/Library/Frameworks",
					"$(inherited)",
					"$(DEVELOPER_FRAMEWORKS_DIR)",
				);
				GCC_PRECOMPILE_PREFIX_HEADER = YES;
				GCC_PREFIX_HEADER = "aggregate/aggregate-Prefix.pch";
				INFOPLIST_FILE = "aggregateTests/aggregateTests-Info.plist";
				PRODUCT_NAME = "$(TARGET_NAME)";
				TEST_HOST = "$(BUNDLE_LOADER)";
				WRAPPER_EXTENSION = xctest;
			};
			name = Release;
		};
/* End XCBuildConfiguration section */

/* Begin XCConfigurationList section */
		5A0EA3EA19782F64007353EF /* Build configuration list for PBXProject "aggregate" */ = {
			isa = XCConfigurationList;
			buildConfigurations = (
				5A0EA41919782F64007353EF /* Debug */,
				5A0EA41A19782F64007353EF /* Release */,
			);
			defaultConfigurationIsVisible = 0;
			defaultConfigurationName = Release;
		};
		5A0EA41B19782F64007353EF /* Build configuration list for PBXNativeTarget "aggregate" */ = {
			isa = XCConfigurationList;
			buildConfigurations = (
				5A0EA41C19782F64007353EF /* Debug */,
				5A0EA41D19782F64007353EF /* Release */,
			);
			defaultConfigurationIsVisible = 0;
			defaultConfigurationName = Release;
		};
		5A0EA41E19782F64007353EF /* Build configuration list for PBXNativeTarget "aggregateTests" */ = {
			isa = XCConfigurationList;
			buildConfigurations = (
				5A0EA41F19782F64007353EF /* Debug */,
				5A0EA42019782F64007353EF /* Release */,
			);
			defaultConfigurationIsVisible = 0;
			defaultConfigurationName = Release;
		};
/* End XCConfigurationList section */
	};
	rootObject = 5A0EA3E719782F64007353EF /* Project object */;
}
