// !$*UTF8*$!
{
	archiveVersion = 1;
	classes = {
	};
	objectVersion = 46;
	objects = {

/* Begin PBXBuildFile section */
		5AD523D9197D82D000DCA331 /* Foundation.framework in Frameworks */ = {isa = PBXBuildFile; fileRef = 5AD523D8197D82D000DCA331 /* Foundation.framework */; };
		5AD523DB197D82D000DCA331 /* CoreGraphics.framework in Frameworks */ = {isa = PBXBuildFile; fileRef = 5AD523DA197D82D000DCA331 /* CoreGraphics.framework */; };
		5AD523DD197D82D000DCA331 /* UIKit.framework in Frameworks */ = {isa = PBXBuildFile; fileRef = 5AD523DC197D82D000DCA331 /* UIKit.framework */; };
		5AD523E3197D82D000DCA331 /* InfoPlist.strings in Resources */ = {isa = PBXBuildFile; fileRef = 5AD523E1197D82D000DCA331 /* InfoPlist.strings */; };
		5AD523E5197D82D000DCA331 /* main.m in Sources */ = {isa = PBXBuildFile; fileRef = 5AD523E4197D82D000DCA331 /* main.m */; };
		5AD523E9197D82D000DCA331 /* xyzAppDelegate.m in Sources */ = {isa = PBXBuildFile; fileRef = 5AD523E8197D82D000DCA331 /* xyzAppDelegate.m */; };
		5AD523EB197D82D000DCA331 /* Images.xcassets in Resources */ = {isa = PBXBuildFile; fileRef = 5AD523EA197D82D000DCA331 /* Images.xcassets */; };
		5AD523F2197D82D000DCA331 /* XCTest.framework in Frameworks */ = {isa = PBXBuildFile; fileRef = 5AD523F1197D82D000DCA331 /* XCTest.framework */; };
		5AD523F3197D82D000DCA331 /* Foundation.framework in Frameworks */ = {isa = PBXBuildFile; fileRef = 5AD523D8197D82D000DCA331 /* Foundation.framework */; };
		5AD523F4197D82D000DCA331 /* UIKit.framework in Frameworks */ = {isa = PBXBuildFile; fileRef = 5AD523DC197D82D000DCA331 /* UIKit.framework */; };
		5AD523FC197D82D000DCA331 /* InfoPlist.strings in Resources */ = {isa = PBXBuildFile; fileRef = 5AD523FA197D82D000DCA331 /* InfoPlist.strings */; };
		5AD523FE197D82D000DCA331 /* ObjCMongoDBTests.m in Sources */ = {isa = PBXBuildFile; fileRef = 5AD523FD197D82D000DCA331 /* ObjCMongoDBTests.m */; };
/* End PBXBuildFile section */

/* Begin PBXContainerItemProxy section */
		5AD523F5197D82D000DCA331 /* PBXContainerItemProxy */ = {
			isa = PBXContainerItemProxy;
			containerPortal = 5AD523CD197D82D000DCA331 /* Project object */;
			proxyType = 1;
			remoteGlobalIDString = 5AD523D4197D82D000DCA331;
			remoteInfo = ObjCMongoDB;
		};
/* End PBXContainerItemProxy section */

/* Begin PBXFileReference section */
		5AD523D5197D82D000DCA331 /* ObjCMongoDB.app */ = {isa = PBXFileReference; explicitFileType = wrapper.application; includeInIndex = 0; path = ObjCMongoDB.app; sourceTree = BUILT_PRODUCTS_DIR; };
		5AD523D8197D82D000DCA331 /* Foundation.framework */ = {isa = PBXFileReference; lastKnownFileType = wrapper.framework; name = Foundation.framework; path = System/Library/Frameworks/Foundation.framework; sourceTree = SDKROOT; };
		5AD523DA197D82D000DCA331 /* CoreGraphics.framework */ = {isa = PBXFileReference; lastKnownFileType = wrapper.framework; name = CoreGraphics.framework; path = System/Library/Frameworks/CoreGraphics.framework; sourceTree = SDKROOT; };
		5AD523DC197D82D000DCA331 /* UIKit.framework */ = {isa = PBXFileReference; lastKnownFileType = wrapper.framework; name = UIKit.framework; path = System/Library/Frameworks/UIKit.framework; sourceTree = SDKROOT; };
		5AD523E0197D82D000DCA331 /* ObjCMongoDB-Info.plist */ = {isa = PBXFileReference; lastKnownFileType = text.plist.xml; path = "ObjCMongoDB-Info.plist"; sourceTree = "<group>"; };
		5AD523E2197D82D000DCA331 /* en */ = {isa = PBXFileReference; lastKnownFileType = text.plist.strings; name = en; path = en.lproj/InfoPlist.strings; sourceTree = "<group>"; };
		5AD523E4197D82D000DCA331 /* main.m */ = {isa = PBXFileReference; lastKnownFileType = sourcecode.c.objc; path = main.m; sourceTree = "<group>"; };
		5AD523E6197D82D000DCA331 /* ObjCMongoDB-Prefix.pch */ = {isa = PBXFileReference; lastKnownFileType = sourcecode.c.h; path = "ObjCMongoDB-Prefix.pch"; sourceTree = "<group>"; };
		5AD523E7197D82D000DCA331 /* xyzAppDelegate.h */ = {isa = PBXFileReference; lastKnownFileType = sourcecode.c.h; path = xyzAppDelegate.h; sourceTree = "<group>"; };
		5AD523E8197D82D000DCA331 /* xyzAppDelegate.m */ = {isa = PBXFileReference; lastKnownFileType = sourcecode.c.objc; path = xyzAppDelegate.m; sourceTree = "<group>"; };
		5AD523EA197D82D000DCA331 /* Images.xcassets */ = {isa = PBXFileReference; lastKnownFileType = folder.assetcatalog; path = Images.xcassets; sourceTree = "<group>"; };
		5AD523F0197D82D000DCA331 /* ObjCMongoDBTests.xctest */ = {isa = PBXFileReference; explicitFileType = wrapper.cfbundle; includeInIndex = 0; path = ObjCMongoDBTests.xctest; sourceTree = BUILT_PRODUCTS_DIR; };
		5AD523F1197D82D000DCA331 /* XCTest.framework */ = {isa = PBXFileReference; lastKnownFileType = wrapper.framework; name = XCTest.framework; path = Library/Frameworks/XCTest.framework; sourceTree = DEVELOPER_DIR; };
		5AD523F9197D82D000DCA331 /* ObjCMongoDBTests-Info.plist */ = {isa = PBXFileReference; lastKnownFileType = text.plist.xml; path = "ObjCMongoDBTests-Info.plist"; sourceTree = "<group>"; };
		5AD523FB197D82D000DCA331 /* en */ = {isa = PBXFileReference; lastKnownFileType = text.plist.strings; name = en; path = en.lproj/InfoPlist.strings; sourceTree = "<group>"; };
		5AD523FD197D82D000DCA331 /* ObjCMongoDBTests.m */ = {isa = PBXFileReference; lastKnownFileType = sourcecode.c.objc; path = ObjCMongoDBTests.m; sourceTree = "<group>"; };
/* End PBXFileReference section */

/* Begin PBXFrameworksBuildPhase section */
		5AD523D2197D82D000DCA331 /* Frameworks */ = {
			isa = PBXFrameworksBuildPhase;
			buildActionMask = 2147483647;
			files = (
				5AD523DB197D82D000DCA331 /* CoreGraphics.framework in Frameworks */,
				5AD523DD197D82D000DCA331 /* UIKit.framework in Frameworks */,
				5AD523D9197D82D000DCA331 /* Foundation.framework in Frameworks */,
			);
			runOnlyForDeploymentPostprocessing = 0;
		};
		5AD523ED197D82D000DCA331 /* Frameworks */ = {
			isa = PBXFrameworksBuildPhase;
			buildActionMask = 2147483647;
			files = (
				5AD523F2197D82D000DCA331 /* XCTest.framework in Frameworks */,
				5AD523F4197D82D000DCA331 /* UIKit.framework in Frameworks */,
				5AD523F3197D82D000DCA331 /* Foundation.framework in Frameworks */,
			);
			runOnlyForDeploymentPostprocessing = 0;
		};
/* End PBXFrameworksBuildPhase section */

/* Begin PBXGroup section */
		5AD523CC197D82D000DCA331 = {
			isa = PBXGroup;
			children = (
				5AD523DE197D82D000DCA331 /* ObjCMongoDB */,
				5AD523F7197D82D000DCA331 /* ObjCMongoDBTests */,
				5AD523D7197D82D000DCA331 /* Frameworks */,
				5AD523D6197D82D000DCA331 /* Products */,
			);
			sourceTree = "<group>";
		};
		5AD523D6197D82D000DCA331 /* Products */ = {
			isa = PBXGroup;
			children = (
				5AD523D5197D82D000DCA331 /* ObjCMongoDB.app */,
				5AD523F0197D82D000DCA331 /* ObjCMongoDBTests.xctest */,
			);
			name = Products;
			sourceTree = "<group>";
		};
		5AD523D7197D82D000DCA331 /* Frameworks */ = {
			isa = PBXGroup;
			children = (
				5AD523D8197D82D000DCA331 /* Foundation.framework */,
				5AD523DA197D82D000DCA331 /* CoreGraphics.framework */,
				5AD523DC197D82D000DCA331 /* UIKit.framework */,
				5AD523F1197D82D000DCA331 /* XCTest.framework */,
			);
			name = Frameworks;
			sourceTree = "<group>";
		};
		5AD523DE197D82D000DCA331 /* ObjCMongoDB */ = {
			isa = PBXGroup;
			children = (
				5AD523E7197D82D000DCA331 /* xyzAppDelegate.h */,
				5AD523E8197D82D000DCA331 /* xyzAppDelegate.m */,
				5AD523EA197D82D000DCA331 /* Images.xcassets */,
				5AD523DF197D82D000DCA331 /* Supporting Files */,
			);
			path = ObjCMongoDB;
			sourceTree = "<group>";
		};
		5AD523DF197D82D000DCA331 /* Supporting Files */ = {
			isa = PBXGroup;
			children = (
				5AD523E0197D82D000DCA331 /* ObjCMongoDB-Info.plist */,
				5AD523E1197D82D000DCA331 /* InfoPlist.strings */,
				5AD523E4197D82D000DCA331 /* main.m */,
				5AD523E6197D82D000DCA331 /* ObjCMongoDB-Prefix.pch */,
			);
			name = "Supporting Files";
			sourceTree = "<group>";
		};
		5AD523F7197D82D000DCA331 /* ObjCMongoDBTests */ = {
			isa = PBXGroup;
			children = (
				5AD523FD197D82D000DCA331 /* ObjCMongoDBTests.m */,
				5AD523F8197D82D000DCA331 /* Supporting Files */,
			);
			path = ObjCMongoDBTests;
			sourceTree = "<group>";
		};
		5AD523F8197D82D000DCA331 /* Supporting Files */ = {
			isa = PBXGroup;
			children = (
				5AD523F9197D82D000DCA331 /* ObjCMongoDBTests-Info.plist */,
				5AD523FA197D82D000DCA331 /* InfoPlist.strings */,
			);
			name = "Supporting Files";
			sourceTree = "<group>";
		};
/* End PBXGroup section */

/* Begin PBXNativeTarget section */
		5AD523D4197D82D000DCA331 /* ObjCMongoDB */ = {
			isa = PBXNativeTarget;
			buildConfigurationList = 5AD52401197D82D000DCA331 /* Build configuration list for PBXNativeTarget "ObjCMongoDB" */;
			buildPhases = (
				5AD523D1197D82D000DCA331 /* Sources */,
				5AD523D2197D82D000DCA331 /* Frameworks */,
				5AD523D3197D82D000DCA331 /* Resources */,
			);
			buildRules = (
			);
			dependencies = (
			);
			name = ObjCMongoDB;
			productName = ObjCMongoDB;
			productReference = 5AD523D5197D82D000DCA331 /* ObjCMongoDB.app */;
			productType = "com.apple.product-type.application";
		};
		5AD523EF197D82D000DCA331 /* ObjCMongoDBTests */ = {
			isa = PBXNativeTarget;
			buildConfigurationList = 5AD52404197D82D000DCA331 /* Build configuration list for PBXNativeTarget "ObjCMongoDBTests" */;
			buildPhases = (
				5AD523EC197D82D000DCA331 /* Sources */,
				5AD523ED197D82D000DCA331 /* Frameworks */,
				5AD523EE197D82D000DCA331 /* Resources */,
			);
			buildRules = (
			);
			dependencies = (
				5AD523F6197D82D000DCA331 /* PBXTargetDependency */,
			);
			name = ObjCMongoDBTests;
			productName = ObjCMongoDBTests;
			productReference = 5AD523F0197D82D000DCA331 /* ObjCMongoDBTests.xctest */;
			productType = "com.apple.product-type.bundle.unit-test";
		};
/* End PBXNativeTarget section */

/* Begin PBXProject section */
		5AD523CD197D82D000DCA331 /* Project object */ = {
			isa = PBXProject;
			attributes = {
				CLASSPREFIX = xyz;
				LastUpgradeCheck = 0510;
				ORGANIZATIONNAME = Gilt;
				TargetAttributes = {
					5AD523EF197D82D000DCA331 = {
						TestTargetID = 5AD523D4197D82D000DCA331;
					};
				};
			};
			buildConfigurationList = 5AD523D0197D82D000DCA331 /* Build configuration list for PBXProject "ObjCMongoDB" */;
			compatibilityVersion = "Xcode 3.2";
			developmentRegion = English;
			hasScannedForEncodings = 0;
			knownRegions = (
				en,
			);
			mainGroup = 5AD523CC197D82D000DCA331;
			productRefGroup = 5AD523D6197D82D000DCA331 /* Products */;
			projectDirPath = "";
			projectRoot = "";
			targets = (
				5AD523D4197D82D000DCA331 /* ObjCMongoDB */,
				5AD523EF197D82D000DCA331 /* ObjCMongoDBTests */,
			);
		};
/* End PBXProject section */

/* Begin PBXResourcesBuildPhase section */
		5AD523D3197D82D000DCA331 /* Resources */ = {
			isa = PBXResourcesBuildPhase;
			buildActionMask = 2147483647;
			files = (
				5AD523E3197D82D000DCA331 /* InfoPlist.strings in Resources */,
				5AD523EB197D82D000DCA331 /* Images.xcassets in Resources */,
			);
			runOnlyForDeploymentPostprocessing = 0;
		};
		5AD523EE197D82D000DCA331 /* Resources */ = {
			isa = PBXResourcesBuildPhase;
			buildActionMask = 2147483647;
			files = (
				5AD523FC197D82D000DCA331 /* InfoPlist.strings in Resources */,
			);
			runOnlyForDeploymentPostprocessing = 0;
		};
/* End PBXResourcesBuildPhase section */

/* Begin PBXSourcesBuildPhase section */
		5AD523D1197D82D000DCA331 /* Sources */ = {
			isa = PBXSourcesBuildPhase;
			buildActionMask = 2147483647;
			files = (
				5AD523E9197D82D000DCA331 /* xyzAppDelegate.m in Sources */,
				5AD523E5197D82D000DCA331 /* main.m in Sources */,
			);
			runOnlyForDeploymentPostprocessing = 0;
		};
		5AD523EC197D82D000DCA331 /* Sources */ = {
			isa = PBXSourcesBuildPhase;
			buildActionMask = 2147483647;
			files = (
				5AD523FE197D82D000DCA331 /* ObjCMongoDBTests.m in Sources */,
			);
			runOnlyForDeploymentPostprocessing = 0;
		};
/* End PBXSourcesBuildPhase section */

/* Begin PBXTargetDependency section */
		5AD523F6197D82D000DCA331 /* PBXTargetDependency */ = {
			isa = PBXTargetDependency;
			target = 5AD523D4197D82D000DCA331 /* ObjCMongoDB */;
			targetProxy = 5AD523F5197D82D000DCA331 /* PBXContainerItemProxy */;
		};
/* End PBXTargetDependency section */

/* Begin PBXVariantGroup section */
		5AD523E1197D82D000DCA331 /* InfoPlist.strings */ = {
			isa = PBXVariantGroup;
			children = (
				5AD523E2197D82D000DCA331 /* en */,
			);
			name = InfoPlist.strings;
			sourceTree = "<group>";
		};
		5AD523FA197D82D000DCA331 /* InfoPlist.strings */ = {
			isa = PBXVariantGroup;
			children = (
				5AD523FB197D82D000DCA331 /* en */,
			);
			name = InfoPlist.strings;
			sourceTree = "<group>";
		};
/* End PBXVariantGroup section */

/* Begin XCBuildConfiguration section */
		5AD523FF197D82D000DCA331 /* Debug */ = {
			isa = XCBuildConfiguration;
			buildSettings = {
				ALWAYS_SEARCH_USER_PATHS = NO;
				CLANG_CXX_LANGUAGE_STANDARD = "gnu++0x";
				CLANG_CXX_LIBRARY = "libc++";
				CLANG_ENABLE_MODULES = YES;
				CLANG_ENABLE_OBJC_ARC = YES;
				CLANG_WARN_BOOL_CONVERSION = YES;
				CLANG_WARN_CONSTANT_CONVERSION = YES;
				CLANG_WARN_DIRECT_OBJC_ISA_USAGE = YES_ERROR;
				CLANG_WARN_EMPTY_BODY = YES;
				CLANG_WARN_ENUM_CONVERSION = YES;
				CLANG_WARN_INT_CONVERSION = YES;
				CLANG_WARN_OBJC_ROOT_CLASS = YES_ERROR;
				CLANG_WARN__DUPLICATE_METHOD_MATCH = YES;
				"CODE_SIGN_IDENTITY[sdk=iphoneos*]" = "iPhone Developer";
				COPY_PHASE_STRIP = NO;
				GCC_C_LANGUAGE_STANDARD = gnu99;
				GCC_DYNAMIC_NO_PIC = NO;
				GCC_OPTIMIZATION_LEVEL = 0;
				GCC_PREPROCESSOR_DEFINITIONS = (
					"DEBUG=1",
					"$(inherited)",
				);
				GCC_SYMBOLS_PRIVATE_EXTERN = NO;
				GCC_WARN_64_TO_32_BIT_CONVERSION = YES;
				GCC_WARN_ABOUT_RETURN_TYPE = YES_ERROR;
				GCC_WARN_UNDECLARED_SELECTOR = YES;
				GCC_WARN_UNINITIALIZED_AUTOS = YES_AGGRESSIVE;
				GCC_WARN_UNUSED_FUNCTION = YES;
				GCC_WARN_UNUSED_VARIABLE = YES;
				IPHONEOS_DEPLOYMENT_TARGET = 7.1;
				ONLY_ACTIVE_ARCH = YES;
				SDKROOT = iphoneos;
			};
			name = Debug;
		};
		5AD52400197D82D000DCA331 /* Release */ = {
			isa = XCBuildConfiguration;
			buildSettings = {
				ALWAYS_SEARCH_USER_PATHS = NO;
				CLANG_CXX_LANGUAGE_STANDARD = "gnu++0x";
				CLANG_CXX_LIBRARY = "libc++";
				CLANG_ENABLE_MODULES = YES;
				CLANG_ENABLE_OBJC_ARC = YES;
				CLANG_WARN_BOOL_CONVERSION = YES;
				CLANG_WARN_CONSTANT_CONVERSION = YES;
				CLANG_WARN_DIRECT_OBJC_ISA_USAGE = YES_ERROR;
				CLANG_WARN_EMPTY_BODY = YES;
				CLANG_WARN_ENUM_CONVERSION = YES;
				CLANG_WARN_INT_CONVERSION = YES;
				CLANG_WARN_OBJC_ROOT_CLASS = YES_ERROR;
				CLANG_WARN__DUPLICATE_METHOD_MATCH = YES;
				"CODE_SIGN_IDENTITY[sdk=iphoneos*]" = "iPhone Developer";
				COPY_PHASE_STRIP = YES;
				ENABLE_NS_ASSERTIONS = NO;
				GCC_C_LANGUAGE_STANDARD = gnu99;
				GCC_WARN_64_TO_32_BIT_CONVERSION = YES;
				GCC_WARN_ABOUT_RETURN_TYPE = YES_ERROR;
				GCC_WARN_UNDECLARED_SELECTOR = YES;
				GCC_WARN_UNINITIALIZED_AUTOS = YES_AGGRESSIVE;
				GCC_WARN_UNUSED_FUNCTION = YES;
				GCC_WARN_UNUSED_VARIABLE = YES;
				IPHONEOS_DEPLOYMENT_TARGET = 7.1;
				SDKROOT = iphoneos;
				VALIDATE_PRODUCT = YES;
			};
			name = Release;
		};
		5AD52402197D82D000DCA331 /* Debug */ = {
			isa = XCBuildConfiguration;
			buildSettings = {
				ASSETCATALOG_COMPILER_APPICON_NAME = AppIcon;
				ASSETCATALOG_COMPILER_LAUNCHIMAGE_NAME = LaunchImage;
				GCC_PRECOMPILE_PREFIX_HEADER = YES;
				GCC_PREFIX_HEADER = "ObjCMongoDB/ObjCMongoDB-Prefix.pch";
				INFOPLIST_FILE = "ObjCMongoDB/ObjCMongoDB-Info.plist";
				PRODUCT_NAME = "$(TARGET_NAME)";
				WRAPPER_EXTENSION = app;
			};
			name = Debug;
		};
		5AD52403197D82D000DCA331 /* Release */ = {
			isa = XCBuildConfiguration;
			buildSettings = {
				ASSETCATALOG_COMPILER_APPICON_NAME = AppIcon;
				ASSETCATALOG_COMPILER_LAUNCHIMAGE_NAME = LaunchImage;
				GCC_PRECOMPILE_PREFIX_HEADER = YES;
				GCC_PREFIX_HEADER = "ObjCMongoDB/ObjCMongoDB-Prefix.pch";
				INFOPLIST_FILE = "ObjCMongoDB/ObjCMongoDB-Info.plist";
				PRODUCT_NAME = "$(TARGET_NAME)";
				WRAPPER_EXTENSION = app;
			};
			name = Release;
		};
		5AD52405197D82D000DCA331 /* Debug */ = {
			isa = XCBuildConfiguration;
			buildSettings = {
				BUNDLE_LOADER = "$(BUILT_PRODUCTS_DIR)/ObjCMongoDB.app/ObjCMongoDB";
				FRAMEWORK_SEARCH_PATHS = (
					"$(SDKROOT)/Developer/Library/Frameworks",
					"$(inherited)",
					"$(DEVELOPER_FRAMEWORKS_DIR)",
				);
				GCC_PRECOMPILE_PREFIX_HEADER = YES;
				GCC_PREFIX_HEADER = "ObjCMongoDB/ObjCMongoDB-Prefix.pch";
				GCC_PREPROCESSOR_DEFINITIONS = (
					"DEBUG=1",
					"$(inherited)",
				);
				INFOPLIST_FILE = "ObjCMongoDBTests/ObjCMongoDBTests-Info.plist";
				PRODUCT_NAME = "$(TARGET_NAME)";
				TEST_HOST = "$(BUNDLE_LOADER)";
				WRAPPER_EXTENSION = xctest;
			};
			name = Debug;
		};
		5AD52406197D82D000DCA331 /* Release */ = {
			isa = XCBuildConfiguration;
			buildSettings = {
				BUNDLE_LOADER = "$(BUILT_PRODUCTS_DIR)/ObjCMongoDB.app/ObjCMongoDB";
				FRAMEWORK_SEARCH_PATHS = (
					"$(SDKROOT)/Developer/Library/Frameworks",
					"$(inherited)",
					"$(DEVELOPER_FRAMEWORKS_DIR)",
				);
				GCC_PRECOMPILE_PREFIX_HEADER = YES;
				GCC_PREFIX_HEADER = "ObjCMongoDB/ObjCMongoDB-Prefix.pch";
				INFOPLIST_FILE = "ObjCMongoDBTests/ObjCMongoDBTests-Info.plist";
				PRODUCT_NAME = "$(TARGET_NAME)";
				TEST_HOST = "$(BUNDLE_LOADER)";
				WRAPPER_EXTENSION = xctest;
			};
			name = Release;
		};
/* End XCBuildConfiguration section */

/* Begin XCConfigurationList section */
		5AD523D0197D82D000DCA331 /* Build configuration list for PBXProject "ObjCMongoDB" */ = {
			isa = XCConfigurationList;
			buildConfigurations = (
				5AD523FF197D82D000DCA331 /* Debug */,
				5AD52400197D82D000DCA331 /* Release */,
			);
			defaultConfigurationIsVisible = 0;
			defaultConfigurationName = Release;
		};
		5AD52401197D82D000DCA331 /* Build configuration list for PBXNativeTarget "ObjCMongoDB" */ = {
			isa = XCConfigurationList;
			buildConfigurations = (
				5AD52402197D82D000DCA331 /* Debug */,
				5AD52403197D82D000DCA331 /* Release */,
			);
			defaultConfigurationIsVisible = 0;
		};
		5AD52404197D82D000DCA331 /* Build configuration list for PBXNativeTarget "ObjCMongoDBTests" */ = {
			isa = XCConfigurationList;
			buildConfigurations = (
				5AD52405197D82D000DCA331 /* Debug */,
				5AD52406197D82D000DCA331 /* Release */,
			);
			defaultConfigurationIsVisible = 0;
		};
/* End XCConfigurationList section */
	};
	rootObject = 5AD523CD197D82D000DCA331 /* Project object */;
}
